<?xml version="1.0" encoding="utf-8"?>
<Project ToolsVersion="4.0" xmlns="http://schemas.microsoft.com/developer/msbuild/2003">
  <ItemGroup>
    <ClCompile Include="main.cpp" />
    <ClCompile Include="TreeView.cpp" />
    <ClCompile Include="DesignViewBuilder.cpp" />
    <ClCompile Include="tools.cpp" />
    <ClCompile Include="DesignModel.cpp" />
    <ClCompile Include="EnumPresentation.cpp" />
    <ClCompile Include="PropertyPresentation.cpp" />
    <ClCompile Include="TypePresentation.cpp" />
    <ClCompile Include="Presentation.cpp" />
    <ClCompile Include="NewObjDialog.cpp" />
    <ClCompile Include="PropsMenuToolBar.cpp" />
  </ItemGroup>
  <ItemGroup>
    <ClInclude Include="TreeViewSkin.h" />
    <ClInclude Include="TreeView.h" />
    <ClInclude Include="DesignViewBuilder.h" />
    <ClInclude Include="tools.h" />
    <ClInclude Include="DesignModel.h" />
    <ClInclude Include="Presentation.h" />
    <ClInclude Include="TypePresentation.h" />
    <ClInclude Include="PropertyPresentation.h" />
    <ClInclude Include="PrimitiveType.h" />
    <ClInclude Include="EnumPresentation.h" />
    <ClInclude Include="FilePathDialog.h" />
    <ClInclude Include="NewObjDialog.h" />
    <ClInclude Include="PropsMenuToolBar.h" />
  </ItemGroup>
</Project>