<?xml version="1.0" encoding="utf-8"?>
<Project ToolsVersion="4.0" xmlns="http://schemas.microsoft.com/developer/msbuild/2003">
  <ItemGroup>
    <Filter Include="include">
      <UniqueIdentifier>{93995380-89BD-4b04-88EB-625FBE52EBFB}</UniqueIdentifier>
      <Extensions>h;hpp;hxx;hm;inl;inc;xsd</Extensions>
    </Filter>
    <Filter Include="src">
      <UniqueIdentifier>{4FC737F1-C7A5-4376-A066-2A32D752A2FF}</UniqueIdentifier>
      <Extensions>cpp;c;cc;cxx;def;odl;idl;hpj;bat;asm;asmx</Extensions>
    </Filter>
    <Filter Include="dll_settings">
      <UniqueIdentifier>{2f70788a-fed7-41bd-99a6-9c99ddda03e3}</UniqueIdentifier>
    </Filter>
    <Filter Include="include\implementation">
      <UniqueIdentifier>{85deb474-8a85-46c5-9b81-96775bcbcd48}</UniqueIdentifier>
    </Filter>
    <Filter Include="include\implementation\engine">
      <UniqueIdentifier>{3a32e93b-4389-4b50-9583-d227673378f1}</UniqueIdentifier>
    </Filter>
    <Filter Include="src\implementation">
      <UniqueIdentifier>{de7cf3c2-b8bb-4e6b-bad5-8899d19ca30e}</UniqueIdentifier>
    </Filter>
    <Filter Include="src\implementation\engine">
      <UniqueIdentifier>{ab21b464-c7e6-4292-a9b1-2ce67ebfcc5f}</UniqueIdentifier>
    </Filter>
    <Filter Include="include\public">
      <UniqueIdentifier>{f7f165c8-1920-4202-98ac-2a299ebcecb5}</UniqueIdentifier>
    </Filter>
    <Filter Include="include\public\math">
      <UniqueIdentifier>{50fd6040-dfbd-4fc6-970f-939a0bef679e}</UniqueIdentifier>
    </Filter>
    <Filter Include="src\public">
      <UniqueIdentifier>{06efa9e9-8a7b-4ffc-b281-74edfd35611c}</UniqueIdentifier>
    </Filter>
    <Filter Include="src\public\math">
      <UniqueIdentifier>{7ff4c119-6523-4065-9407-2b18654c0251}</UniqueIdentifier>
    </Filter>
    <Filter Include="include\implementation\relative boxes">
      <UniqueIdentifier>{9237a788-c35a-4740-beaa-b4c5c84b42a5}</UniqueIdentifier>
    </Filter>
    <Filter Include="include\implementation\serialization">
      <UniqueIdentifier>{5859110d-911f-43b5-a7bd-4a4185ea0d5d}</UniqueIdentifier>
    </Filter>
    <Filter Include="src\implementation\serialization">
      <UniqueIdentifier>{0eb5496b-3cbd-4f16-8242-af81af97d5af}</UniqueIdentifier>
    </Filter>
    <Filter Include="include\implementation\registry">
      <UniqueIdentifier>{c19819c4-f03a-4c8f-b4c1-b579571a30ea}</UniqueIdentifier>
    </Filter>
    <Filter Include="src\implementation\registry">
      <UniqueIdentifier>{d8b9e8b7-b4d0-4b1d-8e5f-d44e79a9acef}</UniqueIdentifier>
    </Filter>
    <Filter Include="include\implementation\text">
      <UniqueIdentifier>{1228f341-dc84-46e6-a5d6-d4fefff48bb8}</UniqueIdentifier>
    </Filter>
    <Filter Include="src\implementation\text">
      <UniqueIdentifier>{701209ed-a47a-4fb7-b724-505b9dba9632}</UniqueIdentifier>
    </Filter>
    <Filter Include="include\implementation\graphics">
      <UniqueIdentifier>{eabc7b0b-c627-4158-b84b-b8c4c8f5e91b}</UniqueIdentifier>
    </Filter>
    <Filter Include="include\public\graphics">
      <UniqueIdentifier>{d75ca285-d75a-4565-9c01-683b13d039ee}</UniqueIdentifier>
    </Filter>
    <Filter Include="src\implementation\graphics">
      <UniqueIdentifier>{cba532c8-7a97-48ec-82bb-23de6d239ad7}</UniqueIdentifier>
    </Filter>
    <Filter Include="src\implementation\global">
      <UniqueIdentifier>{00de37f9-a511-4ace-9ef1-28b1bee266b3}</UniqueIdentifier>
    </Filter>
    <Filter Include="include\public\tools">
      <UniqueIdentifier>{ba7aae6a-6b62-4d92-8e8e-561480b59102}</UniqueIdentifier>
    </Filter>
    <Filter Include="src\public\tools">
      <UniqueIdentifier>{a851b2b9-e237-4f8b-826a-233cfdc24b12}</UniqueIdentifier>
    </Filter>
    <Filter Include="include\implementation\relative offsets">
      <UniqueIdentifier>{f2197727-dd33-46ec-ab8b-975b5abe47a6}</UniqueIdentifier>
    </Filter>
    <Filter Include="include\implementation\animation">
      <UniqueIdentifier>{9401c21b-fc50-40fc-a36e-da497356e27e}</UniqueIdentifier>
    </Filter>
    <Filter Include="src\implementation\animation">
      <UniqueIdentifier>{3eb44dfc-4cbb-4c74-a5e5-f778baefacae}</UniqueIdentifier>
    </Filter>
    <Filter Include="include\public\common">
      <UniqueIdentifier>{829a1f23-920c-4c7e-9a0b-dc052d9dce9a}</UniqueIdentifier>
    </Filter>
    <Filter Include="include\implementation\simple drawable elements">
      <UniqueIdentifier>{3d325174-d363-40a1-a308-f2ed001fe1cb}</UniqueIdentifier>
    </Filter>
    <Filter Include="src\implementation\simple drawable elements">
      <UniqueIdentifier>{2d6ec4c8-2211-4447-8e0c-3542ceee0356}</UniqueIdentifier>
    </Filter>
    <Filter Include="include\implementation\findable">
      <UniqueIdentifier>{05009bc8-c217-4275-a954-a9747343e30d}</UniqueIdentifier>
    </Filter>
    <Filter Include="include\implementation\geometry">
      <UniqueIdentifier>{86d8bcf5-a768-4be6-ba96-dacb46f37a40}</UniqueIdentifier>
    </Filter>
    <Filter Include="src\implementation\geometry">
      <UniqueIdentifier>{32a33ef4-a4bc-425b-99ec-1da296559d39}</UniqueIdentifier>
    </Filter>
    <Filter Include="include\implementation\tools">
      <UniqueIdentifier>{9aabb213-1b3f-4e9f-9591-c28e3d29cb0f}</UniqueIdentifier>
    </Filter>
    <Filter Include="src\implementation\tools">
      <UniqueIdentifier>{51a9e4ba-961b-436b-aab5-32c875877c2b}</UniqueIdentifier>
    </Filter>
    <Filter Include="include\implementation\skin">
      <UniqueIdentifier>{e414c3c1-cedc-4bf5-9b93-054ed6d2027f}</UniqueIdentifier>
    </Filter>
    <Filter Include="include\implementation\skin\interfaces">
      <UniqueIdentifier>{22f87fb7-24bd-404b-b20e-69ee2f8fff66}</UniqueIdentifier>
    </Filter>
    <Filter Include="include\implementation\skin\implementations">
      <UniqueIdentifier>{ac0b69ae-9425-4ec5-8e99-6a3eeefd5dd4}</UniqueIdentifier>
    </Filter>
    <Filter Include="include\implementation\skin\tools">
      <UniqueIdentifier>{7cee7d80-4983-46b5-9d0d-d3e758a4fc5f}</UniqueIdentifier>
    </Filter>
    <Filter Include="include\implementation\user interface">
      <UniqueIdentifier>{26457ff9-b32b-4531-aaf3-73a7e05825ac}</UniqueIdentifier>
    </Filter>
    <Filter Include="include\implementation\application">
      <UniqueIdentifier>{8dab27df-37eb-4a65-a487-7d14d60e754b}</UniqueIdentifier>
    </Filter>
    <Filter Include="src\implementation\application">
      <UniqueIdentifier>{7c20d4e3-ef23-4251-8364-bc0b7fcc271f}</UniqueIdentifier>
    </Filter>
    <Filter Include="src\implementation\user interface">
      <UniqueIdentifier>{2ece0505-dadd-49f8-a782-d7cd45e77170}</UniqueIdentifier>
    </Filter>
    <Filter Include="include\implementation\text filters">
      <UniqueIdentifier>{812d926c-585b-49da-b6af-bcf51b90f909}</UniqueIdentifier>
    </Filter>
    <Filter Include="src\implementation\skin">
      <UniqueIdentifier>{e83a62b1-5788-43be-8105-618a1bae4a6e}</UniqueIdentifier>
    </Filter>
    <Filter Include="include\implementation\game objects">
      <UniqueIdentifier>{d4fa7c2c-c309-47ad-bcde-f7abaa20e20b}</UniqueIdentifier>
    </Filter>
    <Filter Include="src\implementation\game objects">
      <UniqueIdentifier>{5d73611f-3ef9-4cde-b756-950c1690d708}</UniqueIdentifier>
    </Filter>
    <Filter Include="include\implementation\game view">
      <UniqueIdentifier>{838fcba0-12f3-4aee-9db6-6ea356ef06bf}</UniqueIdentifier>
    </Filter>
    <Filter Include="src\implementation\game view">
      <UniqueIdentifier>{24182dd3-a2fc-4c0f-b05e-b712641bd7df}</UniqueIdentifier>
    </Filter>
    <Filter Include="include\public\user interface">
      <UniqueIdentifier>{03d083d2-8bb4-4e93-a4dc-3aa8882aeecf}</UniqueIdentifier>
    </Filter>
    <Filter Include="include\implementation\adapters">
      <UniqueIdentifier>{4edda654-5a36-4d97-a506-4e24e38f4fb8}</UniqueIdentifier>
    </Filter>
    <Filter Include="include\implementation\public helpers">
      <UniqueIdentifier>{94b70de6-57f4-4f2a-9faa-f4a495812889}</UniqueIdentifier>
    </Filter>
    <Filter Include="include\implementation\position">
      <UniqueIdentifier>{5be58ba0-e758-4278-8876-c0994db68f19}</UniqueIdentifier>
    </Filter>
    <Filter Include="src\implementation\public helpers">
      <UniqueIdentifier>{7ca842c5-b028-404f-ae4a-2cf2c9ab3846}</UniqueIdentifier>
    </Filter>
    <Filter Include="include\public\simple drawable elements">
      <UniqueIdentifier>{dc71283b-ef39-4f42-bf8a-18958674ab4a}</UniqueIdentifier>
    </Filter>
    <Filter Include="include\public\game objects">
      <UniqueIdentifier>{d5e24cd0-51df-40ef-b2b6-88ff1a5c3209}</UniqueIdentifier>
    </Filter>
    <Filter Include="include\public\application">
      <UniqueIdentifier>{67909063-efc7-4b89-8022-70d20db6c5ec}</UniqueIdentifier>
    </Filter>
    <Filter Include="include\public\serialization">
      <UniqueIdentifier>{67dc2f4d-10d4-45fb-a57f-34a8c370cc19}</UniqueIdentifier>
    </Filter>
    <Filter Include="include\public\game view">
      <UniqueIdentifier>{e5ba6a6a-2cdf-4dcc-b134-ba95f08d5842}</UniqueIdentifier>
    </Filter>
    <Filter Include="include\public\text">
      <UniqueIdentifier>{63e2a6c1-47e5-46cd-9d05-c6519f15b503}</UniqueIdentifier>
    </Filter>
    <Filter Include="include\public\geometry">
      <UniqueIdentifier>{274f1b00-81bf-4ec1-a2bd-dd6262203f3a}</UniqueIdentifier>
    </Filter>
  </ItemGroup>
  <ItemGroup>
    <ClInclude Include="targetver.h">
      <Filter>dll_settings</Filter>
    </ClInclude>
    <ClInclude Include="stdafx.h">
      <Filter>dll_settings</Filter>
    </ClInclude>
    <ClInclude Include="include\gamebase\GameBaseAPI.h">
      <Filter>include</Filter>
    </ClInclude>
    <ClInclude Include="include\gamebase\impl\engine\Adjustment.h">
      <Filter>include\implementation\engine</Filter>
    </ClInclude>
    <ClInclude Include="include\gamebase\impl\engine\Direction.h">
      <Filter>include\implementation\engine</Filter>
    </ClInclude>
    <ClInclude Include="include\gamebase\impl\engine\Drawable.h">
      <Filter>include\implementation\engine</Filter>
    </ClInclude>
    <ClInclude Include="include\gamebase\impl\engine\Identifiable.h">
      <Filter>include\implementation\engine</Filter>
    </ClInclude>
    <ClInclude Include="include\gamebase\impl\engine\IDrawable.h">
      <Filter>include\implementation\engine</Filter>
    </ClInclude>
    <ClInclude Include="include\gamebase\impl\engine\IInputProcessor.h">
      <Filter>include\implementation\engine</Filter>
    </ClInclude>
    <ClInclude Include="include\gamebase\impl\engine\IMovable.h">
      <Filter>include\implementation\engine</Filter>
    </ClInclude>
    <ClInclude Include="include\gamebase\impl\engine\IObject.h">
      <Filter>include\implementation\engine</Filter>
    </ClInclude>
    <ClInclude Include="include\gamebase\impl\engine\ISelectable.h">
      <Filter>include\implementation\engine</Filter>
    </ClInclude>
    <ClInclude Include="include\gamebase\impl\engine\RelativeValue.h">
      <Filter>include\implementation\engine</Filter>
    </ClInclude>
    <ClInclude Include="include\gamebase\impl\engine\Selectable.h">
      <Filter>include\implementation\engine</Filter>
    </ClInclude>
    <ClInclude Include="include\gamebase\math\IntVector.h">
      <Filter>include\public\math</Filter>
    </ClInclude>
    <ClInclude Include="include\gamebase\math\Math.h">
      <Filter>include\public\math</Filter>
    </ClInclude>
    <ClInclude Include="include\gamebase\math\Matrix2.h">
      <Filter>include\public\math</Filter>
    </ClInclude>
    <ClInclude Include="include\gamebase\math\Transform2.h">
      <Filter>include\public\math</Filter>
    </ClInclude>
    <ClInclude Include="include\gamebase\math\Vector2.h">
      <Filter>include\public\math</Filter>
    </ClInclude>
    <ClInclude Include="include\gamebase\impl\relbox\FixedBox.h">
      <Filter>include\implementation\relative boxes</Filter>
    </ClInclude>
    <ClInclude Include="include\gamebase\impl\relbox\IRelativeBox.h">
      <Filter>include\implementation\relative boxes</Filter>
    </ClInclude>
    <ClInclude Include="include\gamebase\impl\relbox\OffsettedBox.h">
      <Filter>include\implementation\relative boxes</Filter>
    </ClInclude>
    <ClInclude Include="include\gamebase\impl\relbox\PixelBox.h">
      <Filter>include\implementation\relative boxes</Filter>
    </ClInclude>
    <ClInclude Include="include\gamebase\impl\relbox\RelativeBox.h">
      <Filter>include\implementation\relative boxes</Filter>
    </ClInclude>
    <ClInclude Include="include\gamebase\impl\relbox\SquareBox.h">
      <Filter>include\implementation\relative boxes</Filter>
    </ClInclude>
    <ClInclude Include="include\gamebase\impl\serial\constants.h">
      <Filter>include\implementation\serialization</Filter>
    </ClInclude>
    <ClInclude Include="include\gamebase\impl\serial\IDeserializer.h">
      <Filter>include\implementation\serialization</Filter>
    </ClInclude>
    <ClInclude Include="include\gamebase\impl\serial\ISerializable.h">
      <Filter>include\implementation\serialization</Filter>
    </ClInclude>
    <ClInclude Include="include\gamebase\impl\serial\ISerializer.h">
      <Filter>include\implementation\serialization</Filter>
    </ClInclude>
    <ClInclude Include="include\gamebase\impl\serial\JsonDeserializer.h">
      <Filter>include\implementation\serialization</Filter>
    </ClInclude>
    <ClInclude Include="include\gamebase\impl\serial\JsonFormat.h">
      <Filter>include\implementation\serialization</Filter>
    </ClInclude>
    <ClInclude Include="include\gamebase\impl\serial\JsonSerializer.h">
      <Filter>include\implementation\serialization</Filter>
    </ClInclude>
    <ClInclude Include="include\gamebase\impl\serial\SerializableRegister.h">
      <Filter>include\implementation\serialization</Filter>
    </ClInclude>
    <ClInclude Include="include\gamebase\impl\reg\FloatValue.h">
      <Filter>include\implementation\registry</Filter>
    </ClInclude>
    <ClInclude Include="include\gamebase\impl\reg\IRegistrable.h">
      <Filter>include\implementation\registry</Filter>
    </ClInclude>
    <ClInclude Include="include\gamebase\impl\reg\IValue.h">
      <Filter>include\implementation\registry</Filter>
    </ClInclude>
    <ClInclude Include="include\gamebase\impl\reg\PropertiesRegister.h">
      <Filter>include\implementation\registry</Filter>
    </ClInclude>
    <ClInclude Include="include\gamebase\impl\reg\PropertiesRegisterBuilder.h">
      <Filter>include\implementation\registry</Filter>
    </ClInclude>
    <ClInclude Include="include\gamebase\impl\reg\Registrable.h">
      <Filter>include\implementation\registry</Filter>
    </ClInclude>
    <ClInclude Include="include\gamebase\impl\reg\Value.h">
      <Filter>include\implementation\registry</Filter>
    </ClInclude>
    <ClInclude Include="include\gamebase\impl\reg\ValueLink.h">
      <Filter>include\implementation\registry</Filter>
    </ClInclude>
    <ClInclude Include="include\gamebase\impl\reg\ValueLinkWithSetter.h">
      <Filter>include\implementation\registry</Filter>
    </ClInclude>
    <ClInclude Include="include\gamebase\impl\reg\ValueNotifyingLink.h">
      <Filter>include\implementation\registry</Filter>
    </ClInclude>
    <ClInclude Include="include\gamebase\impl\reg\ValueWeakLink.h">
      <Filter>include\implementation\registry</Filter>
    </ClInclude>
    <ClInclude Include="include\gamebase\impl\text\AlignedString.h">
      <Filter>include\implementation\text</Filter>
    </ClInclude>
    <ClInclude Include="include\gamebase\impl\text\Aligner.h">
      <Filter>include\implementation\text</Filter>
    </ClInclude>
    <ClInclude Include="include\gamebase\impl\text\AlignProperties.h">
      <Filter>include\implementation\text</Filter>
    </ClInclude>
    <ClInclude Include="include\gamebase\impl\text\Clipboard.h">
      <Filter>include\implementation\text</Filter>
    </ClInclude>
    <ClInclude Include="include\gamebase\impl\text\Conversion.h">
      <Filter>include\implementation\text</Filter>
    </ClInclude>
    <ClInclude Include="include\gamebase\impl\text\FontStorage.h">
      <Filter>include\implementation\text</Filter>
    </ClInclude>
    <ClInclude Include="include\gamebase\impl\text\IFont.h">
      <Filter>include\implementation\text</Filter>
    </ClInclude>
    <ClInclude Include="include\gamebase\impl\text\TextBank.h">
      <Filter>include\implementation\text</Filter>
    </ClInclude>
    <ClInclude Include="include\gamebase\impl\text\TextGeometry.h">
      <Filter>include\implementation\text</Filter>
    </ClInclude>
    <ClInclude Include="include\gamebase\impl\text\Utf8Text.h">
      <Filter>include\implementation\text</Filter>
    </ClInclude>
    <ClInclude Include="src\impl\text\ConversionInternal.h">
      <Filter>src\implementation\text</Filter>
    </ClInclude>
    <ClInclude Include="src\impl\text\Font.h">
      <Filter>src\implementation\text</Filter>
    </ClInclude>
    <ClInclude Include="src\impl\text\FontMetaData.h">
      <Filter>src\implementation\text</Filter>
    </ClInclude>
    <ClInclude Include="src\impl\text\ScaledFont.h">
      <Filter>src\implementation\text</Filter>
    </ClInclude>
    <ClInclude Include="include\gamebase\graphics\Color.h">
      <Filter>include\public\graphics</Filter>
    </ClInclude>
    <ClInclude Include="include\gamebase\impl\graphics\Clipping.h">
      <Filter>include\implementation\graphics</Filter>
    </ClInclude>
    <ClInclude Include="include\gamebase\impl\graphics\GLAttributes.h">
      <Filter>include\implementation\graphics</Filter>
    </ClInclude>
    <ClInclude Include="include\gamebase\impl\graphics\GLBuffers.h">
      <Filter>include\implementation\graphics</Filter>
    </ClInclude>
    <ClInclude Include="include\gamebase\impl\graphics\GLProgram.h">
      <Filter>include\implementation\graphics</Filter>
    </ClInclude>
    <ClInclude Include="include\gamebase\impl\graphics\GLTexture.h">
      <Filter>include\implementation\graphics</Filter>
    </ClInclude>
    <ClInclude Include="include\gamebase\impl\graphics\GraphicsMode.h">
      <Filter>include\implementation\graphics</Filter>
    </ClInclude>
    <ClInclude Include="include\gamebase\impl\graphics\Image.h">
      <Filter>include\implementation\graphics</Filter>
    </ClInclude>
    <ClInclude Include="include\gamebase\impl\graphics\IndexBuffer.h">
      <Filter>include\implementation\graphics</Filter>
    </ClInclude>
    <ClInclude Include="include\gamebase\impl\graphics\LineProgram.h">
      <Filter>include\implementation\graphics</Filter>
    </ClInclude>
    <ClInclude Include="include\gamebase\impl\graphics\MultiColorProgram.h">
      <Filter>include\implementation\graphics</Filter>
    </ClInclude>
    <ClInclude Include="include\gamebase\impl\graphics\OneColorProgram.h">
      <Filter>include\implementation\graphics</Filter>
    </ClInclude>
    <ClInclude Include="include\gamebase\impl\graphics\OneColorProgramBase.h">
      <Filter>include\implementation\graphics</Filter>
    </ClInclude>
    <ClInclude Include="include\gamebase\impl\graphics\PatternProgram.h">
      <Filter>include\implementation\graphics</Filter>
    </ClInclude>
    <ClInclude Include="include\gamebase\impl\graphics\ProgramBase.h">
      <Filter>include\implementation\graphics</Filter>
    </ClInclude>
    <ClInclude Include="include\gamebase\impl\graphics\Shader.h">
      <Filter>include\implementation\graphics</Filter>
    </ClInclude>
    <ClInclude Include="include\gamebase\impl\graphics\TextureProgram.h">
      <Filter>include\implementation\graphics</Filter>
    </ClInclude>
    <ClInclude Include="include\gamebase\impl\graphics\typedefs.h">
      <Filter>include\implementation\graphics</Filter>
    </ClInclude>
    <ClInclude Include="include\gamebase\impl\graphics\VertexBuffer.h">
      <Filter>include\implementation\graphics</Filter>
    </ClInclude>
    <ClInclude Include="src\impl\graphics\BatchBuilder.h">
      <Filter>src\implementation\graphics</Filter>
    </ClInclude>
    <ClInclude Include="src\impl\graphics\InitInternal.h">
      <Filter>src\implementation\graphics</Filter>
    </ClInclude>
    <ClInclude Include="src\impl\graphics\State.h">
      <Filter>src\implementation\graphics</Filter>
    </ClInclude>
    <ClInclude Include="src\impl\graphics\TextureKey.h">
      <Filter>src\implementation\graphics</Filter>
    </ClInclude>
    <ClInclude Include="src\impl\global\Config.h">
      <Filter>src\implementation\global</Filter>
    </ClInclude>
    <ClInclude Include="src\impl\global\GlobalCache.h">
      <Filter>src\implementation\global</Filter>
    </ClInclude>
    <ClInclude Include="src\impl\global\GlobalResources.h">
      <Filter>src\implementation\global</Filter>
    </ClInclude>
    <ClInclude Include="src\impl\global\GlobalTemporary.h">
      <Filter>src\implementation\global</Filter>
    </ClInclude>
    <ClInclude Include="include\gamebase\tools\Connect.h">
      <Filter>include\public\tools</Filter>
    </ClInclude>
    <ClInclude Include="include\gamebase\tools\Exception.h">
      <Filter>include\public\tools</Filter>
    </ClInclude>
    <ClInclude Include="include\gamebase\tools\FileDesc.h">
      <Filter>include\public\tools</Filter>
    </ClInclude>
    <ClInclude Include="include\gamebase\tools\FileIO.h">
      <Filter>include\public\tools</Filter>
    </ClInclude>
    <ClInclude Include="include\gamebase\tools\Random.h">
      <Filter>include\public\tools</Filter>
    </ClInclude>
    <ClInclude Include="include\gamebase\tools\Size.h">
      <Filter>include\public\tools</Filter>
    </ClInclude>
    <ClInclude Include="include\gamebase\impl\relpos\AlignEnums.h">
      <Filter>include\implementation\relative offsets</Filter>
    </ClInclude>
    <ClInclude Include="include\gamebase\impl\relpos\AligningOffset.h">
      <Filter>include\implementation\relative offsets</Filter>
    </ClInclude>
    <ClInclude Include="include\gamebase\impl\relpos\FixedOffset.h">
      <Filter>include\implementation\relative offsets</Filter>
    </ClInclude>
    <ClInclude Include="include\gamebase\impl\relpos\IRelativeOffset.h">
      <Filter>include\implementation\relative offsets</Filter>
    </ClInclude>
    <ClInclude Include="include\gamebase\impl\anim\ActionInAnimation.h">
      <Filter>include\implementation\animation</Filter>
    </ClInclude>
    <ClInclude Include="include\gamebase\impl\anim\AnimationManager.h">
      <Filter>include\implementation\animation</Filter>
    </ClInclude>
    <ClInclude Include="include\gamebase\impl\anim\AnimationPause.h">
      <Filter>include\implementation\animation</Filter>
    </ClInclude>
    <ClInclude Include="include\gamebase\impl\anim\ChangeFunc.h">
      <Filter>include\implementation\animation</Filter>
    </ClInclude>
    <ClInclude Include="include\gamebase\impl\anim\CompositeAnimation.h">
      <Filter>include\implementation\animation</Filter>
    </ClInclude>
    <ClInclude Include="include\gamebase\impl\anim\FramesChange.h">
      <Filter>include\implementation\animation</Filter>
    </ClInclude>
    <ClInclude Include="include\gamebase\impl\anim\IAction.h">
      <Filter>include\implementation\animation</Filter>
    </ClInclude>
    <ClInclude Include="include\gamebase\impl\anim\IAnimation.h">
      <Filter>include\implementation\animation</Filter>
    </ClInclude>
    <ClInclude Include="include\gamebase\impl\anim\IncrementalChange.h">
      <Filter>include\implementation\animation</Filter>
    </ClInclude>
    <ClInclude Include="include\gamebase\impl\anim\InstantChange.h">
      <Filter>include\implementation\animation</Filter>
    </ClInclude>
    <ClInclude Include="include\gamebase\impl\anim\MoveAction.h">
      <Filter>include\implementation\animation</Filter>
    </ClInclude>
    <ClInclude Include="include\gamebase\impl\anim\ParallelAnimation.h">
      <Filter>include\implementation\animation</Filter>
    </ClInclude>
    <ClInclude Include="include\gamebase\impl\anim\RemoveAction.h">
      <Filter>include\implementation\animation</Filter>
    </ClInclude>
    <ClInclude Include="include\gamebase\impl\anim\RepeatingAnimation.h">
      <Filter>include\implementation\animation</Filter>
    </ClInclude>
    <ClInclude Include="include\gamebase\impl\anim\SmoothChange.h">
      <Filter>include\implementation\animation</Filter>
    </ClInclude>
    <ClInclude Include="include\gamebase\common\Time.h">
      <Filter>include\public\common</Filter>
    </ClInclude>
    <ClInclude Include="include\gamebase\impl\pos\IPositionable.h">
      <Filter>include\implementation\position</Filter>
    </ClInclude>
    <ClInclude Include="include\gamebase\impl\pos\OffsettedPosition.h">
      <Filter>include\implementation\position</Filter>
    </ClInclude>
    <ClInclude Include="include\gamebase\impl\pos\RotatedPosition.h">
      <Filter>include\implementation\position</Filter>
    </ClInclude>
    <ClInclude Include="include\gamebase\impl\pos\TransformedPosition.h">
      <Filter>include\implementation\position</Filter>
    </ClInclude>
    <ClInclude Include="include\gamebase\impl\drawobj\Atlas.h">
      <Filter>include\implementation\simple drawable elements</Filter>
    </ClInclude>
    <ClInclude Include="include\gamebase\impl\drawobj\ComplexTexture.h">
      <Filter>include\implementation\simple drawable elements</Filter>
    </ClInclude>
    <ClInclude Include="include\gamebase\impl\drawobj\FilledRect.h">
      <Filter>include\implementation\simple drawable elements</Filter>
    </ClInclude>
    <ClInclude Include="include\gamebase\impl\drawobj\Gradient.h">
      <Filter>include\implementation\simple drawable elements</Filter>
    </ClInclude>
    <ClInclude Include="include\gamebase\impl\drawobj\LabelBase.h">
      <Filter>include\implementation\simple drawable elements</Filter>
    </ClInclude>
    <ClInclude Include="include\gamebase\impl\drawobj\Line.h">
      <Filter>include\implementation\simple drawable elements</Filter>
    </ClInclude>
    <ClInclude Include="include\gamebase\impl\drawobj\Pattern.h">
      <Filter>include\implementation\simple drawable elements</Filter>
    </ClInclude>
    <ClInclude Include="include\gamebase\impl\drawobj\StaticFilledRect.h">
      <Filter>include\implementation\simple drawable elements</Filter>
    </ClInclude>
    <ClInclude Include="include\gamebase\impl\drawobj\StaticLabel.h">
      <Filter>include\implementation\simple drawable elements</Filter>
    </ClInclude>
    <ClInclude Include="include\gamebase\impl\drawobj\StaticTextureRect.h">
      <Filter>include\implementation\simple drawable elements</Filter>
    </ClInclude>
    <ClInclude Include="include\gamebase\impl\drawobj\TexturePart.h">
      <Filter>include\implementation\simple drawable elements</Filter>
    </ClInclude>
    <ClInclude Include="include\gamebase\impl\drawobj\TextureRect.h">
      <Filter>include\implementation\simple drawable elements</Filter>
    </ClInclude>
    <ClInclude Include="src\impl\drawobj\TextureHelpers.h">
      <Filter>src\implementation\simple drawable elements</Filter>
    </ClInclude>
    <ClInclude Include="include\gamebase\impl\findable\FindableGeometry.h">
      <Filter>include\implementation\findable</Filter>
    </ClInclude>
    <ClInclude Include="include\gamebase\impl\findable\IFindable.h">
      <Filter>include\implementation\findable</Filter>
    </ClInclude>
    <ClInclude Include="include\gamebase\impl\geom\IdenticGeometry.h">
      <Filter>include\implementation\geometry</Filter>
    </ClInclude>
    <ClInclude Include="include\gamebase\impl\geom\IGeometry.h">
      <Filter>include\implementation\geometry</Filter>
    </ClInclude>
    <ClInclude Include="include\gamebase\impl\geom\Intersection.h">
      <Filter>include\implementation\geometry</Filter>
    </ClInclude>
    <ClInclude Include="include\gamebase\impl\geom\IRelativeGeometry.h">
      <Filter>include\implementation\geometry</Filter>
    </ClInclude>
    <ClInclude Include="include\gamebase\impl\geom\PointGeometry.h">
      <Filter>include\implementation\geometry</Filter>
    </ClInclude>
    <ClInclude Include="include\gamebase\impl\geom\PolylineMesh.h">
      <Filter>include\implementation\geometry</Filter>
    </ClInclude>
    <ClInclude Include="include\gamebase\impl\geom\RectGeometry.h">
      <Filter>include\implementation\geometry</Filter>
    </ClInclude>
    <ClInclude Include="include\gamebase\impl\geom\Segment.h">
      <Filter>include\implementation\geometry</Filter>
    </ClInclude>
    <ClInclude Include="include\gamebase\impl\tools\Counter.h">
      <Filter>include\implementation\tools</Filter>
    </ClInclude>
    <ClInclude Include="include\gamebase\impl\tools\ObjectReflection.h">
      <Filter>include\implementation\tools</Filter>
    </ClInclude>
    <ClInclude Include="include\gamebase\impl\tools\ObjectsCollection.h">
      <Filter>include\implementation\tools</Filter>
    </ClInclude>
    <ClInclude Include="include\gamebase\impl\tools\ObjectsSelector.h">
      <Filter>include\implementation\tools</Filter>
    </ClInclude>
    <ClInclude Include="include\gamebase\impl\tools\ProjectionTransform.h">
      <Filter>include\implementation\tools</Filter>
    </ClInclude>
    <ClInclude Include="include\gamebase\impl\tools\Timer.h">
      <Filter>include\implementation\tools</Filter>
    </ClInclude>
    <ClInclude Include="include\gamebase\impl\skin\base\ButtonListSkin.h">
      <Filter>include\implementation\skin\interfaces</Filter>
    </ClInclude>
    <ClInclude Include="include\gamebase\impl\skin\base\ButtonSkin.h">
      <Filter>include\implementation\skin\interfaces</Filter>
    </ClInclude>
    <ClInclude Include="include\gamebase\impl\skin\base\CheckBoxSkin.h">
      <Filter>include\implementation\skin\interfaces</Filter>
    </ClInclude>
    <ClInclude Include="include\gamebase\impl\skin\base\ComboBoxSkin.h">
      <Filter>include\implementation\skin\interfaces</Filter>
    </ClInclude>
    <ClInclude Include="include\gamebase\impl\skin\base\LinearLayoutSkin.h">
      <Filter>include\implementation\skin\interfaces</Filter>
    </ClInclude>
    <ClInclude Include="include\gamebase\impl\skin\base\PanelSkin.h">
      <Filter>include\implementation\skin\interfaces</Filter>
    </ClInclude>
    <ClInclude Include="include\gamebase\impl\skin\base\ScrollableAreaSkin.h">
      <Filter>include\implementation\skin\interfaces</Filter>
    </ClInclude>
    <ClInclude Include="include\gamebase\impl\skin\base\ScrollBarSkin.h">
      <Filter>include\implementation\skin\interfaces</Filter>
    </ClInclude>
    <ClInclude Include="include\gamebase\impl\skin\base\Skin.h">
      <Filter>include\implementation\skin\interfaces</Filter>
    </ClInclude>
    <ClInclude Include="include\gamebase\impl\skin\base\TextBoxSkin.h">
      <Filter>include\implementation\skin\interfaces</Filter>
    </ClInclude>
    <ClInclude Include="include\gamebase\impl\skin\impl\AnimatedButtonSkin.h">
      <Filter>include\implementation\skin\implementations</Filter>
    </ClInclude>
    <ClInclude Include="include\gamebase\impl\skin\impl\AnimatedCheckBoxSkin.h">
      <Filter>include\implementation\skin\implementations</Filter>
    </ClInclude>
    <ClInclude Include="include\gamebase\impl\skin\impl\AnimatedTextBoxSkin.h">
      <Filter>include\implementation\skin\implementations</Filter>
    </ClInclude>
    <ClInclude Include="include\gamebase\impl\skin\impl\ClickableTextCheckBoxSkin.h">
      <Filter>include\implementation\skin\implementations</Filter>
    </ClInclude>
    <ClInclude Include="include\gamebase\impl\skin\impl\CommonButtonListSkin.h">
      <Filter>include\implementation\skin\implementations</Filter>
    </ClInclude>
    <ClInclude Include="include\gamebase\impl\skin\impl\CommonComboBoxSkin.h">
      <Filter>include\implementation\skin\implementations</Filter>
    </ClInclude>
    <ClInclude Include="include\gamebase\impl\skin\impl\CommonPanelSkin.h">
      <Filter>include\implementation\skin\implementations</Filter>
    </ClInclude>
    <ClInclude Include="include\gamebase\impl\skin\impl\CommonScrollableAreaSkin.h">
      <Filter>include\implementation\skin\implementations</Filter>
    </ClInclude>
    <ClInclude Include="include\gamebase\impl\skin\impl\CommonScrollBarSkin.h">
      <Filter>include\implementation\skin\implementations</Filter>
    </ClInclude>
    <ClInclude Include="include\gamebase\impl\skin\impl\FullscreenPanelSkin.h">
      <Filter>include\implementation\skin\implementations</Filter>
    </ClInclude>
    <ClInclude Include="include\gamebase\impl\skin\impl\HorizontalLayoutSkin.h">
      <Filter>include\implementation\skin\implementations</Filter>
    </ClInclude>
    <ClInclude Include="include\gamebase\impl\skin\impl\VerticalLayoutSkin.h">
      <Filter>include\implementation\skin\implementations</Filter>
    </ClInclude>
    <ClInclude Include="include\gamebase\impl\skin\tools\AnimatedObject.h">
      <Filter>include\implementation\skin\tools</Filter>
    </ClInclude>
    <ClInclude Include="include\gamebase\impl\skin\tools\EditableLabel.h">
      <Filter>include\implementation\skin\tools</Filter>
    </ClInclude>
    <ClInclude Include="include\gamebase\impl\skin\tools\TextBoxCursor.h">
      <Filter>include\implementation\skin\tools</Filter>
    </ClInclude>
    <ClInclude Include="include\gamebase\impl\ui\Backgrounded.h">
      <Filter>include\implementation\user interface</Filter>
    </ClInclude>
    <ClInclude Include="include\gamebase\impl\ui\Button.h">
      <Filter>include\implementation\user interface</Filter>
    </ClInclude>
    <ClInclude Include="include\gamebase\impl\ui\ButtonList.h">
      <Filter>include\implementation\user interface</Filter>
    </ClInclude>
    <ClInclude Include="include\gamebase\impl\ui\CanvasLayout.h">
      <Filter>include\implementation\user interface</Filter>
    </ClInclude>
    <ClInclude Include="include\gamebase\impl\ui\CheckBox.h">
      <Filter>include\implementation\user interface</Filter>
    </ClInclude>
    <ClInclude Include="include\gamebase\impl\ui\ComboBox.h">
      <Filter>include\implementation\user interface</Filter>
    </ClInclude>
    <ClInclude Include="include\gamebase\impl\ui\LinearLayout.h">
      <Filter>include\implementation\user interface</Filter>
    </ClInclude>
    <ClInclude Include="include\gamebase\impl\ui\Panel.h">
      <Filter>include\implementation\user interface</Filter>
    </ClInclude>
    <ClInclude Include="include\gamebase\impl\ui\RadioButton.h">
      <Filter>include\implementation\user interface</Filter>
    </ClInclude>
    <ClInclude Include="include\gamebase\impl\ui\RadioButtonGroup.h">
      <Filter>include\implementation\user interface</Filter>
    </ClInclude>
    <ClInclude Include="include\gamebase\impl\ui\ScrollableArea.h">
      <Filter>include\implementation\user interface</Filter>
    </ClInclude>
    <ClInclude Include="include\gamebase\impl\ui\ScrollBar.h">
      <Filter>include\implementation\user interface</Filter>
    </ClInclude>
    <ClInclude Include="include\gamebase\impl\ui\ScrollDragBar.h">
      <Filter>include\implementation\user interface</Filter>
    </ClInclude>
    <ClInclude Include="include\gamebase\impl\ui\SelectingWidget.h">
      <Filter>include\implementation\user interface</Filter>
    </ClInclude>
    <ClInclude Include="include\gamebase\impl\ui\TextBox.h">
      <Filter>include\implementation\user interface</Filter>
    </ClInclude>
    <ClInclude Include="include\gamebase\impl\ui\ToggleButton.h">
      <Filter>include\implementation\user interface</Filter>
    </ClInclude>
    <ClInclude Include="include\gamebase\impl\app\Application.h">
      <Filter>include\implementation\application</Filter>
    </ClInclude>
    <ClInclude Include="include\gamebase\impl\app\Config.h">
      <Filter>include\implementation\application</Filter>
    </ClInclude>
    <ClInclude Include="include\gamebase\impl\app\InputRegister.h">
      <Filter>include\implementation\application</Filter>
    </ClInclude>
    <ClInclude Include="include\gamebase\impl\app\MouseButton.h">
      <Filter>include\implementation\application</Filter>
    </ClInclude>
    <ClInclude Include="include\gamebase\impl\app\SimpleApplication.h">
      <Filter>include\implementation\application</Filter>
    </ClInclude>
    <ClInclude Include="include\gamebase\impl\app\SpecificInputRegister.h">
      <Filter>include\implementation\application</Filter>
    </ClInclude>
    <ClInclude Include="include\gamebase\impl\app\TimeState.h">
      <Filter>include\implementation\application</Filter>
    </ClInclude>
    <ClInclude Include="include\gamebase\impl\app\ViewController.h">
      <Filter>include\implementation\application</Filter>
    </ClInclude>
    <ClInclude Include="include\gamebase\impl\textfilter\AutoLengthTextFilter.h">
      <Filter>include\implementation\text filters</Filter>
    </ClInclude>
    <ClInclude Include="include\gamebase\impl\textfilter\ITextFilter.h">
      <Filter>include\implementation\text filters</Filter>
    </ClInclude>
    <ClInclude Include="include\gamebase\impl\gameobj\AnimatedObjectConstruct.h">
      <Filter>include\implementation\game objects</Filter>
    </ClInclude>
    <ClInclude Include="include\gamebase\impl\gameobj\ClickableElement.h">
      <Filter>include\implementation\game objects</Filter>
    </ClInclude>
    <ClInclude Include="include\gamebase\impl\gameobj\FindableElement.h">
      <Filter>include\implementation\game objects</Filter>
    </ClInclude>
    <ClInclude Include="include\gamebase\impl\gameobj\FindableGeometryElement.h">
      <Filter>include\implementation\game objects</Filter>
    </ClInclude>
    <ClInclude Include="include\gamebase\impl\gameobj\InactiveObjectConstruct.h">
      <Filter>include\implementation\game objects</Filter>
    </ClInclude>
    <ClInclude Include="include\gamebase\impl\gameobj\ObjectConstruct.h">
      <Filter>include\implementation\game objects</Filter>
    </ClInclude>
    <ClInclude Include="include\gamebase\impl\gameobj\PressableAndClickableElement.h">
      <Filter>include\implementation\game objects</Filter>
    </ClInclude>
    <ClInclude Include="include\gamebase\impl\gameobj\PressableElement.h">
      <Filter>include\implementation\game objects</Filter>
    </ClInclude>
    <ClInclude Include="include\gamebase\impl\gameobj\SelectableElement.h">
      <Filter>include\implementation\game objects</Filter>
    </ClInclude>
    <ClInclude Include="include\gamebase\impl\gameview\Database.h">
      <Filter>include\implementation\game view</Filter>
    </ClInclude>
    <ClInclude Include="include\gamebase\impl\gameview\FlatIndex.h">
      <Filter>include\implementation\game view</Filter>
    </ClInclude>
    <ClInclude Include="include\gamebase\impl\gameview\GameView.h">
      <Filter>include\implementation\game view</Filter>
    </ClInclude>
    <ClInclude Include="include\gamebase\impl\gameview\GeometryKeyType.h">
      <Filter>include\implementation\game view</Filter>
    </ClInclude>
    <ClInclude Include="include\gamebase\impl\gameview\GroupLayer.h">
      <Filter>include\implementation\game view</Filter>
    </ClInclude>
    <ClInclude Include="include\gamebase\impl\gameview\IDatabase.h">
      <Filter>include\implementation\game view</Filter>
    </ClInclude>
    <ClInclude Include="include\gamebase\impl\gameview\IIndex.h">
      <Filter>include\implementation\game view</Filter>
    </ClInclude>
    <ClInclude Include="include\gamebase\impl\gameview\ILayer.h">
      <Filter>include\implementation\game view</Filter>
    </ClInclude>
    <ClInclude Include="include\gamebase\impl\gameview\ImmobileLayer.h">
      <Filter>include\implementation\game view</Filter>
    </ClInclude>
    <ClInclude Include="include\gamebase\impl\gameview\IOrder.h">
      <Filter>include\implementation\game view</Filter>
    </ClInclude>
    <ClInclude Include="include\gamebase\impl\gameview\Layer.h">
      <Filter>include\implementation\game view</Filter>
    </ClInclude>
    <ClInclude Include="include\gamebase\impl\gameview\SimpleLayer.h">
      <Filter>include\implementation\game view</Filter>
    </ClInclude>
    <ClInclude Include="include\gamebase\impl\gameview\SortByYOrder.h">
      <Filter>include\implementation\game view</Filter>
    </ClInclude>
    <ClInclude Include="include\gamebase\impl\gameview\StaticLayer.h">
      <Filter>include\implementation\game view</Filter>
    </ClInclude>
    <ClInclude Include="src\impl\gameview\LayerHelpers.h">
      <Filter>src\implementation\game view</Filter>
    </ClInclude>
    <ClInclude Include="include\gamebase\ui\Button.h">
      <Filter>include\public\user interface</Filter>
    </ClInclude>
    <ClInclude Include="include\gamebase\ui\TextBox.h">
      <Filter>include\public\user interface</Filter>
    </ClInclude>
    <ClInclude Include="include\gamebase\impl\adapt\ILayoutAdapter.h">
      <Filter>include\implementation\adapters</Filter>
    </ClInclude>
    <ClInclude Include="include\gamebase\impl\adapt\LayoutAdapterBase.h">
      <Filter>include\implementation\adapters</Filter>
    </ClInclude>
    <ClInclude Include="include\gamebase\impl\adapt\LinearLayoutAdapter.h">
      <Filter>include\implementation\adapters</Filter>
    </ClInclude>
    <ClInclude Include="include\gamebase\ui\Layout.h">
      <Filter>include\public\user interface</Filter>
    </ClInclude>
    <ClInclude Include="include\gamebase\impl\pubhelp\Wrapping.h">
      <Filter>include\implementation\public helpers</Filter>
    </ClInclude>
    <ClInclude Include="include\gamebase\impl\pubhelp\FromImpl.h">
      <Filter>include\implementation\public helpers</Filter>
    </ClInclude>
    <ClInclude Include="include\gamebase\impl\pubhelp\ToImpl.h">
      <Filter>include\implementation\public helpers</Filter>
    </ClInclude>
    <ClInclude Include="include\gamebase\impl\adapt\CanvasLayoutAdapter.h">
      <Filter>include\implementation\adapters</Filter>
    </ClInclude>
    <ClInclude Include="include\gamebase\impl\pubhelp\SmartPointer.h">
      <Filter>include\implementation\public helpers</Filter>
    </ClInclude>
    <ClInclude Include="include\gamebase\ui\CheckBox.h">
      <Filter>include\public\user interface</Filter>
    </ClInclude>
    <ClInclude Include="include\gamebase\impl\pubhelp\ImplementationDefines.h">
      <Filter>include\implementation\public helpers</Filter>
    </ClInclude>
    <ClInclude Include="include\gamebase\impl\pubhelp\Helpers.h">
      <Filter>include\implementation\public helpers</Filter>
    </ClInclude>
    <ClInclude Include="include\gamebase\ui\ComboBox.h">
      <Filter>include\public\user interface</Filter>
    </ClInclude>
    <ClInclude Include="include\gamebase\ui\Selector.h">
      <Filter>include\public\user interface</Filter>
    </ClInclude>
    <ClInclude Include="include\gamebase\ui\ToggleButton.h">
      <Filter>include\public\user interface</Filter>
    </ClInclude>
    <ClInclude Include="include\gamebase\ui\Panel.h">
      <Filter>include\public\user interface</Filter>
    </ClInclude>
    <ClInclude Include="include\gamebase\drawobj\FilledRect.h">
      <Filter>include\public\simple drawable elements</Filter>
    </ClInclude>
    <ClInclude Include="include\gamebase\drawobj\Texture.h">
      <Filter>include\public\simple drawable elements</Filter>
    </ClInclude>
    <ClInclude Include="include\gamebase\drawobj\Gradient.h">
      <Filter>include\public\simple drawable elements</Filter>
    </ClInclude>
    <ClInclude Include="include\gamebase\drawobj\Label.h">
      <Filter>include\public\simple drawable elements</Filter>
    </ClInclude>
    <ClInclude Include="include\gamebase\drawobj\Line.h">
      <Filter>include\public\simple drawable elements</Filter>
    </ClInclude>
    <ClInclude Include="include\gamebase\drawobj\Atlas.h">
      <Filter>include\public\simple drawable elements</Filter>
    </ClInclude>
    <ClInclude Include="include\gamebase\drawobj\DrawObj.h">
      <Filter>include\public\simple drawable elements</Filter>
    </ClInclude>
    <ClInclude Include="include\gamebase\impl\adapt\IDrawObjAdapter.h">
      <Filter>include\implementation\adapters</Filter>
    </ClInclude>
    <ClInclude Include="include\gamebase\impl\adapt\OffsettedDrawObjAdapter.h">
      <Filter>include\implementation\adapters</Filter>
    </ClInclude>
    <ClInclude Include="include\gamebase\impl\adapt\ObjectConstructDrawObjAdapter.h">
      <Filter>include\implementation\adapters</Filter>
    </ClInclude>
    <ClInclude Include="include\gamebase\impl\adapt\GameObjAdapter.h">
      <Filter>include\implementation\adapters</Filter>
    </ClInclude>
    <ClInclude Include="include\gamebase\gameobj\GameObj.h">
      <Filter>include\public\game objects</Filter>
    </ClInclude>
    <ClInclude Include="include\gamebase\impl\pubhelp\GameObjHelpers.h">
      <Filter>include\implementation\public helpers</Filter>
    </ClInclude>
    <ClInclude Include="include\gamebase\app\App.h">
      <Filter>include\public\application</Filter>
    </ClInclude>
    <ClInclude Include="include\gamebase\impl\pubhelp\AppImpl.h">
      <Filter>include\implementation\public helpers</Filter>
    </ClInclude>
    <ClInclude Include="include\gamebase\impl\pubhelp\SelfRegistrar.h">
      <Filter>include\implementation\public helpers</Filter>
    </ClInclude>
    <ClInclude Include="include\gamebase\app\AppType.h">
      <Filter>include\public\application</Filter>
    </ClInclude>
    <ClInclude Include="include\gamebase\tools\FromDesign.h">
      <Filter>include\public\tools</Filter>
    </ClInclude>
    <ClInclude Include="include\gamebase\serial\LoadObj.h">
      <Filter>include\public\serialization</Filter>
    </ClInclude>
    <ClInclude Include="include\gamebase\impl\pubhelp\AppHelpers.h">
      <Filter>include\implementation\public helpers</Filter>
    </ClInclude>
    <ClInclude Include="include\gamebase\app\Input.h">
      <Filter>include\public\application</Filter>
    </ClInclude>
    <ClInclude Include="include\gamebase\Gamebase.h">
      <Filter>include\public</Filter>
    </ClInclude>
    <ClInclude Include="include\gamebase\tools\Timer.h">
      <Filter>include\public\tools</Filter>
    </ClInclude>
    <ClInclude Include="include\gamebase\impl\tools\PreciseTimer.h">
      <Filter>include\implementation\tools</Filter>
    </ClInclude>
    <ClInclude Include="include\gamebase\app\TimeDelta.h">
      <Filter>include\public\application</Filter>
    </ClInclude>
    <ClInclude Include="include\gamebase\gameview\Layer.h">
      <Filter>include\public\game view</Filter>
    </ClInclude>
    <ClInclude Include="include\gamebase\gameview\GameView.h">
      <Filter>include\public\game view</Filter>
    </ClInclude>
    <ClInclude Include="include\gamebase\gameview\GameMap.h">
      <Filter>include\public\game view</Filter>
    </ClInclude>
    <ClInclude Include="include\gamebase\impl\gameobj\PositionElement.h">
      <Filter>include\implementation\game objects</Filter>
    </ClInclude>
    <ClInclude Include="include\gamebase\impl\pubhelp\DrawObjHelpers.h">
      <Filter>include\implementation\public helpers</Filter>
    </ClInclude>
    <ClInclude Include="include\gamebase\ui\RadioGroup.h">
      <Filter>include\public\user interface</Filter>
    </ClInclude>
    <ClInclude Include="include\gamebase\ui\RadioButton.h">
      <Filter>include\public\user interface</Filter>
    </ClInclude>
    <ClInclude Include="include\gamebase\impl\pubhelp\RadioGroupHelpers.h">
      <Filter>include\implementation\public helpers</Filter>
    </ClInclude>
    <ClInclude Include="include\gamebase\ui\ScrollBar.h">
      <Filter>include\public\user interface</Filter>
    </ClInclude>
    <ClInclude Include="include\gamebase\tools\MakeRaw.h">
      <Filter>include\public\tools</Filter>
    </ClInclude>
    <ClInclude Include="include\gamebase\text\TextBank.h">
      <Filter>include\public\text</Filter>
    </ClInclude>
    <ClInclude Include="include\gamebase\text\StringConversion.h">
      <Filter>include\public\text</Filter>
    </ClInclude>
    <ClInclude Include="include\gamebase\text\StringUtils.h">
      <Filter>include\public\text</Filter>
    </ClInclude>
    <ClInclude Include="include\gamebase\impl\adapt\ScrollableLayoutAdapter.h">
      <Filter>include\implementation\adapters</Filter>
    </ClInclude>
    <ClInclude Include="include\gamebase\impl\adapt\SelectingLayoutAdapter.h">
      <Filter>include\implementation\adapters</Filter>
    </ClInclude>
    <ClInclude Include="include\gamebase\tools\Cast.h">
      <Filter>include\public\tools</Filter>
    </ClInclude>
    <ClInclude Include="include\gamebase\impl\relbox\ComplexBox.h">
      <Filter>include\implementation\relative boxes</Filter>
    </ClInclude>
    <ClInclude Include="include\gamebase\impl\relbox\BoxSize.h">
      <Filter>include\implementation\relative boxes</Filter>
    </ClInclude>
    <ClInclude Include="include\gamebase\tools\Find.h">
      <Filter>include\public\tools</Filter>
    </ClInclude>
    <ClInclude Include="include\gamebase\impl\skin\impl\SimpleRectangleButtonSkin.h">
      <Filter>include\implementation\skin\implementations</Filter>
    </ClInclude>
    <ClInclude Include="include\gamebase\impl\skin\impl\SimpleRectangleTextBoxSkin.h">
      <Filter>include\implementation\skin\implementations</Filter>
    </ClInclude>
    <ClInclude Include="include\gamebase\impl\skin\impl\RectangleImageButtonSkin.h">
      <Filter>include\implementation\skin\implementations</Filter>
    </ClInclude>
    <ClInclude Include="include\gamebase\impl\skin\tools\BaseSimpleButtonSkin.h">
      <Filter>include\implementation\skin\tools</Filter>
    </ClInclude>
    <ClInclude Include="include\gamebase\impl\skin\impl\FullRectangleButtonSkin.h">
      <Filter>include\implementation\skin\implementations</Filter>
    </ClInclude>
    <ClInclude Include="include\gamebase\impl\drawobj\FilledTriangleDrawable.h">
      <Filter>include\implementation\simple drawable elements</Filter>
    </ClInclude>
    <ClInclude Include="include\gamebase\impl\skin\impl\SimpleScrollableAreaSkin.h">
      <Filter>include\implementation\skin\implementations</Filter>
    </ClInclude>
    <ClInclude Include="include\gamebase\impl\gameview\SortByIDOrder.h">
      <Filter>include\implementation\game view</Filter>
    </ClInclude>
    <ClInclude Include="include\gamebase\impl\graphics\Window.h">
      <Filter>include\implementation\graphics</Filter>
    </ClInclude>
    <ClInclude Include="include\gamebase\app\InputKey.h">
      <Filter>include\public\application</Filter>
    </ClInclude>
    <ClInclude Include="src\impl\app\KeyConverter.h">
      <Filter>src\implementation\application</Filter>
    </ClInclude>
    <ClInclude Include="include\gamebase\tools\Delayed.h">
      <Filter>include\public\tools</Filter>
    </ClInclude>
    <ClInclude Include="include\gamebase\gameview\LayerVoidData.h">
      <Filter>include\public\game view</Filter>
    </ClInclude>
    <ClInclude Include="include\gamebase\impl\geom\BoundingBox.h">
      <Filter>include\implementation\geometry</Filter>
    </ClInclude>
    <ClInclude Include="include\gamebase\geom\Box.h">
      <Filter>include\public\geometry</Filter>
    </ClInclude>
    <ClInclude Include="include\gamebase\tools\Reader.h">
      <Filter>include\public\tools</Filter>
    </ClInclude>
    <ClInclude Include="include\gamebase\tools\Writer.h">
      <Filter>include\public\tools</Filter>
    </ClInclude>
    <ClInclude Include="include\gamebase\tools\Movable.h">
      <Filter>include\public\tools</Filter>
    </ClInclude>
    <ClInclude Include="src\impl\tools\TimerSharedState.h">
      <Filter>src\implementation\tools</Filter>
    </ClInclude>
    <ClInclude Include="include\gamebase\impl\anim\InstantVisibilityChange.h">
      <Filter>include\implementation\animation</Filter>
    </ClInclude>
    <ClInclude Include="include\gamebase\impl\anim\InstantShow.h">
      <Filter>include\implementation\animation</Filter>
    </ClInclude>
    <ClInclude Include="include\gamebase\impl\anim\InstantHide.h">
      <Filter>include\implementation\animation</Filter>
    </ClInclude>
    <ClInclude Include="include\gamebase\impl\anim\AdvancedMove.h">
      <Filter>include\implementation\animation</Filter>
    </ClInclude>
    <ClInclude Include="include\gamebase\impl\graphics\GLColor.h">
      <Filter>include\implementation\graphics</Filter>
    </ClInclude>
    <ClInclude Include="src\impl\anim\easing.h">
      <Filter>src\implementation\animation</Filter>
    </ClInclude>
    <ClInclude Include="include\gamebase\impl\anim\ChangeFuncPtr.h">
      <Filter>include\implementation\animation</Filter>
    </ClInclude>
    <ClInclude Include="include\gamebase\impl\gameview\IGameBox.h">
      <Filter>include\implementation\game view</Filter>
    </ClInclude>
    <ClInclude Include="src\impl\gameview\GameBoxes.h">
      <Filter>src\implementation\game view</Filter>
    </ClInclude>
    <ClInclude Include="include\gamebase\impl\anim\ScaleChange.h">
      <Filter>include\implementation\animation</Filter>
    </ClInclude>
    <ClInclude Include="include\gamebase\impl\anim\AngleChange.h">
      <Filter>include\implementation\animation</Filter>
    </ClInclude>
    <ClInclude Include="include\gamebase\impl\anim\ColorComponentChange.h">
      <Filter>include\implementation\animation</Filter>
    </ClInclude>
    <ClInclude Include="include\gamebase\impl\anim\ColorChange.h">
      <Filter>include\implementation\animation</Filter>
    </ClInclude>
    <ClInclude Include="include\gamebase\impl\relbox\IResizable.h">
      <Filter>include\implementation\relative boxes</Filter>
    </ClInclude>
    <ClInclude Include="include\gamebase\impl\ui\ToolTip.h">
      <Filter>include\implementation\user interface</Filter>
    </ClInclude>
    <ClInclude Include="include\gamebase\impl\skin\impl\SimpleToolTipSkin.h">
      <Filter>include\implementation\skin\implementations</Filter>
    </ClInclude>
  </ItemGroup>
  <ItemGroup>
    <ClCompile Include="stdafx.cpp">
      <Filter>dll_settings</Filter>
    </ClCompile>
    <ClCompile Include="dllmain.cpp">
      <Filter>dll_settings</Filter>
    </ClCompile>
    <ClCompile Include="gamebase.cpp">
      <Filter>dll_settings</Filter>
    </ClCompile>
    <ClCompile Include="src\impl\engine\Drawable.cpp">
      <Filter>src\implementation\engine</Filter>
    </ClCompile>
    <ClCompile Include="src\impl\engine\Selectable.cpp">
      <Filter>src\implementation\engine</Filter>
    </ClCompile>
    <ClCompile Include="src\math\Vector2.cpp">
      <Filter>src\public\math</Filter>
    </ClCompile>
    <ClCompile Include="src\impl\relbox\RelativeBoxes.cpp">
      <Filter>src\implementation</Filter>
    </ClCompile>
    <ClCompile Include="src\impl\serial\JsonDeserializer.cpp">
      <Filter>src\implementation\serialization</Filter>
    </ClCompile>
    <ClCompile Include="src\impl\serial\JsonSerializer.cpp">
      <Filter>src\implementation\serialization</Filter>
    </ClCompile>
    <ClCompile Include="src\impl\reg\PropertiesRegister.cpp">
      <Filter>src\implementation\registry</Filter>
    </ClCompile>
    <ClCompile Include="src\impl\reg\PropertiesRegisterBuilder.cpp">
      <Filter>src\implementation\registry</Filter>
    </ClCompile>
    <ClCompile Include="src\impl\text\Aligner.cpp">
      <Filter>src\implementation\text</Filter>
    </ClCompile>
    <ClCompile Include="src\impl\text\Clipboard.cpp">
      <Filter>src\implementation\text</Filter>
    </ClCompile>
    <ClCompile Include="src\impl\text\Conversion.cpp">
      <Filter>src\implementation\text</Filter>
    </ClCompile>
    <ClCompile Include="src\impl\text\Font.cpp">
      <Filter>src\implementation\text</Filter>
    </ClCompile>
    <ClCompile Include="src\impl\text\FontMetaData.cpp">
      <Filter>src\implementation\text</Filter>
    </ClCompile>
    <ClCompile Include="src\impl\text\FontStorage.cpp">
      <Filter>src\implementation\text</Filter>
    </ClCompile>
    <ClCompile Include="src\impl\text\TextBank.cpp">
      <Filter>src\implementation\text</Filter>
    </ClCompile>
    <ClCompile Include="src\impl\text\TextGeometry.cpp">
      <Filter>src\implementation\text</Filter>
    </ClCompile>
    <ClCompile Include="src\impl\text\Utf8Text.cpp">
      <Filter>src\implementation\text</Filter>
    </ClCompile>
    <ClCompile Include="src\impl\graphics\Clipping.cpp">
      <Filter>src\implementation\graphics</Filter>
    </ClCompile>
    <ClCompile Include="src\impl\graphics\GLAttributes.cpp">
      <Filter>src\implementation\graphics</Filter>
    </ClCompile>
    <ClCompile Include="src\impl\graphics\GLBuffers.cpp">
      <Filter>src\implementation\graphics</Filter>
    </ClCompile>
    <ClCompile Include="src\impl\graphics\GLProgram.cpp">
      <Filter>src\implementation\graphics</Filter>
    </ClCompile>
    <ClCompile Include="src\impl\graphics\Image.cpp">
      <Filter>src\implementation\graphics</Filter>
    </ClCompile>
    <ClCompile Include="src\impl\graphics\IndexBuffer.cpp">
      <Filter>src\implementation\graphics</Filter>
    </ClCompile>
    <ClCompile Include="src\impl\graphics\Init.cpp">
      <Filter>src\implementation\graphics</Filter>
    </ClCompile>
    <ClCompile Include="src\impl\graphics\LineProgram.cpp">
      <Filter>src\implementation\graphics</Filter>
    </ClCompile>
    <ClCompile Include="src\impl\graphics\MultiColorProgram.cpp">
      <Filter>src\implementation\graphics</Filter>
    </ClCompile>
    <ClCompile Include="src\impl\graphics\OneColorProgram.cpp">
      <Filter>src\implementation\graphics</Filter>
    </ClCompile>
    <ClCompile Include="src\impl\graphics\OneColorProgramBase.cpp">
      <Filter>src\implementation\graphics</Filter>
    </ClCompile>
    <ClCompile Include="src\impl\graphics\PatternProgram.cpp">
      <Filter>src\implementation\graphics</Filter>
    </ClCompile>
    <ClCompile Include="src\impl\graphics\ProgramBase.cpp">
      <Filter>src\implementation\graphics</Filter>
    </ClCompile>
    <ClCompile Include="src\impl\graphics\Shader.cpp">
      <Filter>src\implementation\graphics</Filter>
    </ClCompile>
    <ClCompile Include="src\impl\graphics\State.cpp">
      <Filter>src\implementation\graphics</Filter>
    </ClCompile>
    <ClCompile Include="src\impl\graphics\Texture.cpp">
      <Filter>src\implementation\graphics</Filter>
    </ClCompile>
    <ClCompile Include="src\impl\graphics\TextureProgram.cpp">
      <Filter>src\implementation\graphics</Filter>
    </ClCompile>
    <ClCompile Include="src\impl\graphics\VertexBuffer.cpp">
      <Filter>src\implementation\graphics</Filter>
    </ClCompile>
    <ClCompile Include="src\impl\global\Config.cpp">
      <Filter>src\implementation\global</Filter>
    </ClCompile>
    <ClCompile Include="src\impl\global\GlobalCache.cpp">
      <Filter>src\implementation\global</Filter>
    </ClCompile>
    <ClCompile Include="src\impl\global\GlobalResources.cpp">
      <Filter>src\implementation\global</Filter>
    </ClCompile>
    <ClCompile Include="src\impl\global\GlobalTemporary.cpp">
      <Filter>src\implementation\global</Filter>
    </ClCompile>
    <ClCompile Include="src\tools\FileIO.cpp">
      <Filter>src\public\tools</Filter>
    </ClCompile>
    <ClCompile Include="src\tools\Random.cpp">
      <Filter>src\public\tools</Filter>
    </ClCompile>
    <ClCompile Include="src\impl\relpos\RelativeOffsets.cpp">
      <Filter>src\implementation</Filter>
    </ClCompile>
    <ClCompile Include="src\impl\anim\Actions.cpp">
      <Filter>src\implementation\animation</Filter>
    </ClCompile>
    <ClCompile Include="src\impl\anim\AnimationManager.cpp">
      <Filter>src\implementation\animation</Filter>
    </ClCompile>
    <ClCompile Include="src\impl\anim\Animations.cpp">
      <Filter>src\implementation\animation</Filter>
    </ClCompile>
    <ClCompile Include="src\impl\drawobj\Atlas.cpp">
      <Filter>src\implementation\simple drawable elements</Filter>
    </ClCompile>
    <ClCompile Include="src\impl\drawobj\ComplexTexture.cpp">
      <Filter>src\implementation\simple drawable elements</Filter>
    </ClCompile>
    <ClCompile Include="src\impl\drawobj\FilledRect.cpp">
      <Filter>src\implementation\simple drawable elements</Filter>
    </ClCompile>
    <ClCompile Include="src\impl\drawobj\Gradient.cpp">
      <Filter>src\implementation\simple drawable elements</Filter>
    </ClCompile>
    <ClCompile Include="src\impl\drawobj\LabelBase.cpp">
      <Filter>src\implementation\simple drawable elements</Filter>
    </ClCompile>
    <ClCompile Include="src\impl\drawobj\Line.cpp">
      <Filter>src\implementation\simple drawable elements</Filter>
    </ClCompile>
    <ClCompile Include="src\impl\drawobj\Pattern.cpp">
      <Filter>src\implementation\simple drawable elements</Filter>
    </ClCompile>
    <ClCompile Include="src\impl\drawobj\StaticFilledRect.cpp">
      <Filter>src\implementation\simple drawable elements</Filter>
    </ClCompile>
    <ClCompile Include="src\impl\drawobj\StaticLabel.cpp">
      <Filter>src\implementation\simple drawable elements</Filter>
    </ClCompile>
    <ClCompile Include="src\impl\drawobj\StaticTextureRect.cpp">
      <Filter>src\implementation\simple drawable elements</Filter>
    </ClCompile>
    <ClCompile Include="src\impl\drawobj\TexturePart.cpp">
      <Filter>src\implementation\simple drawable elements</Filter>
    </ClCompile>
    <ClCompile Include="src\impl\drawobj\TextureRect.cpp">
      <Filter>src\implementation\simple drawable elements</Filter>
    </ClCompile>
    <ClCompile Include="src\impl\findable\FindableGeometry.cpp">
      <Filter>src\implementation</Filter>
    </ClCompile>
    <ClCompile Include="src\impl\geom\Intersection.cpp">
      <Filter>src\implementation\geometry</Filter>
    </ClCompile>
    <ClCompile Include="src\impl\geom\PointGeometry.cpp">
      <Filter>src\implementation\geometry</Filter>
    </ClCompile>
    <ClCompile Include="src\impl\geom\PolylineMesh.cpp">
      <Filter>src\implementation\geometry</Filter>
    </ClCompile>
    <ClCompile Include="src\impl\geom\RectGeometry.cpp">
      <Filter>src\implementation\geometry</Filter>
    </ClCompile>
    <ClCompile Include="src\impl\geom\RelativeGeometries.cpp">
      <Filter>src\implementation\geometry</Filter>
    </ClCompile>
    <ClCompile Include="src\impl\geom\Segment.cpp">
      <Filter>src\implementation\geometry</Filter>
    </ClCompile>
    <ClCompile Include="src\impl\tools\Counter.cpp">
      <Filter>src\implementation\tools</Filter>
    </ClCompile>
    <ClCompile Include="src\impl\tools\ObjectReflection.cpp">
      <Filter>src\implementation\tools</Filter>
    </ClCompile>
    <ClCompile Include="src\impl\tools\ObjectsCollection.cpp">
      <Filter>src\implementation\tools</Filter>
    </ClCompile>
    <ClCompile Include="src\impl\tools\ObjectsSelector.cpp">
      <Filter>src\implementation\tools</Filter>
    </ClCompile>
    <ClCompile Include="src\impl\tools\ProjectionTransform.cpp">
      <Filter>src\implementation\tools</Filter>
    </ClCompile>
    <ClCompile Include="src\impl\app\Application.cpp">
      <Filter>src\implementation\application</Filter>
    </ClCompile>
    <ClCompile Include="src\impl\app\SimpleApplication.cpp">
      <Filter>src\implementation\application</Filter>
    </ClCompile>
    <ClCompile Include="src\impl\app\ViewController.cpp">
      <Filter>src\implementation\application</Filter>
    </ClCompile>
    <ClCompile Include="src\impl\ui\Backgrounded.cpp">
      <Filter>src\implementation\user interface</Filter>
    </ClCompile>
    <ClCompile Include="src\impl\ui\Button.cpp">
      <Filter>src\implementation\user interface</Filter>
    </ClCompile>
    <ClCompile Include="src\impl\ui\ButtonList.cpp">
      <Filter>src\implementation\user interface</Filter>
    </ClCompile>
    <ClCompile Include="src\impl\ui\CanvasLayout.cpp">
      <Filter>src\implementation\user interface</Filter>
    </ClCompile>
    <ClCompile Include="src\impl\ui\CheckBox.cpp">
      <Filter>src\implementation\user interface</Filter>
    </ClCompile>
    <ClCompile Include="src\impl\ui\ComboBox.cpp">
      <Filter>src\implementation\user interface</Filter>
    </ClCompile>
    <ClCompile Include="src\impl\ui\LinearLayout.cpp">
      <Filter>src\implementation\user interface</Filter>
    </ClCompile>
    <ClCompile Include="src\impl\ui\Panel.cpp">
      <Filter>src\implementation\user interface</Filter>
    </ClCompile>
    <ClCompile Include="src\impl\ui\RadioButton.cpp">
      <Filter>src\implementation\user interface</Filter>
    </ClCompile>
    <ClCompile Include="src\impl\ui\RadioButtonGroup.cpp">
      <Filter>src\implementation\user interface</Filter>
    </ClCompile>
    <ClCompile Include="src\impl\ui\ScrollableArea.cpp">
      <Filter>src\implementation\user interface</Filter>
    </ClCompile>
    <ClCompile Include="src\impl\ui\ScrollBar.cpp">
      <Filter>src\implementation\user interface</Filter>
    </ClCompile>
    <ClCompile Include="src\impl\ui\ScrollDragBar.cpp">
      <Filter>src\implementation\user interface</Filter>
    </ClCompile>
    <ClCompile Include="src\impl\ui\SelectingWidget.cpp">
      <Filter>src\implementation\user interface</Filter>
    </ClCompile>
    <ClCompile Include="src\impl\ui\TextBox.cpp">
      <Filter>src\implementation\user interface</Filter>
    </ClCompile>
    <ClCompile Include="src\impl\ui\ToggleButton.cpp">
      <Filter>src\implementation\user interface</Filter>
    </ClCompile>
    <ClCompile Include="src\impl\skin\AnimatedButtonSkin.cpp">
      <Filter>src\implementation\skin</Filter>
    </ClCompile>
    <ClCompile Include="src\impl\skin\AnimatedCheckBoxSkin.cpp">
      <Filter>src\implementation\skin</Filter>
    </ClCompile>
    <ClCompile Include="src\impl\skin\AnimatedObject.cpp">
      <Filter>src\implementation\skin</Filter>
    </ClCompile>
    <ClCompile Include="src\impl\skin\AnimatedTextBoxSkin.cpp">
      <Filter>src\implementation\skin</Filter>
    </ClCompile>
    <ClCompile Include="src\impl\skin\ClickableTextCheckBoxSkin.cpp">
      <Filter>src\implementation\skin</Filter>
    </ClCompile>
    <ClCompile Include="src\impl\skin\CommonButtonListSkin.cpp">
      <Filter>src\implementation\skin</Filter>
    </ClCompile>
    <ClCompile Include="src\impl\skin\CommonComboBoxSkin.cpp">
      <Filter>src\implementation\skin</Filter>
    </ClCompile>
    <ClCompile Include="src\impl\skin\CommonPanelSkin.cpp">
      <Filter>src\implementation\skin</Filter>
    </ClCompile>
    <ClCompile Include="src\impl\skin\CommonScrollableAreaSkin.cpp">
      <Filter>src\implementation\skin</Filter>
    </ClCompile>
    <ClCompile Include="src\impl\skin\CommonScrollBarSkin.cpp">
      <Filter>src\implementation\skin</Filter>
    </ClCompile>
    <ClCompile Include="src\impl\skin\EditableLabel.cpp">
      <Filter>src\implementation\skin</Filter>
    </ClCompile>
    <ClCompile Include="src\impl\skin\FullscreenPanelSkin.cpp">
      <Filter>src\implementation\skin</Filter>
    </ClCompile>
    <ClCompile Include="src\impl\skin\HorizontalLayoutSkin.cpp">
      <Filter>src\implementation\skin</Filter>
    </ClCompile>
    <ClCompile Include="src\impl\skin\TextBoxCursor.cpp">
      <Filter>src\implementation\skin</Filter>
    </ClCompile>
    <ClCompile Include="src\impl\skin\VerticalLayoutSkin.cpp">
      <Filter>src\implementation\skin</Filter>
    </ClCompile>
    <ClCompile Include="src\impl\gameobj\AnimatedObjectConstruct.cpp">
      <Filter>src\implementation\game objects</Filter>
    </ClCompile>
    <ClCompile Include="src\impl\gameobj\FindableElements.cpp">
      <Filter>src\implementation\game objects</Filter>
    </ClCompile>
    <ClCompile Include="src\impl\gameobj\InactiveObjectConstruct.cpp">
      <Filter>src\implementation\game objects</Filter>
    </ClCompile>
    <ClCompile Include="src\impl\gameobj\ObjectConstruct.cpp">
      <Filter>src\implementation\game objects</Filter>
    </ClCompile>
    <ClCompile Include="src\impl\gameobj\PositionElements.cpp">
      <Filter>src\implementation\game objects</Filter>
    </ClCompile>
    <ClCompile Include="src\impl\gameobj\SelectionElements.cpp">
      <Filter>src\implementation\game objects</Filter>
    </ClCompile>
    <ClCompile Include="src\impl\gameview\FlatIndex.cpp">
      <Filter>src\implementation\game view</Filter>
    </ClCompile>
    <ClCompile Include="src\impl\gameview\GameView.cpp">
      <Filter>src\implementation\game view</Filter>
    </ClCompile>
    <ClCompile Include="src\impl\gameview\GroupLayer.cpp">
      <Filter>src\implementation\game view</Filter>
    </ClCompile>
    <ClCompile Include="src\impl\gameview\ImmobileLayer.cpp">
      <Filter>src\implementation\game view</Filter>
    </ClCompile>
    <ClCompile Include="src\impl\gameview\Layer.cpp">
      <Filter>src\implementation\game view</Filter>
    </ClCompile>
    <ClCompile Include="src\impl\gameview\Orders.cpp">
      <Filter>src\implementation\game view</Filter>
    </ClCompile>
    <ClCompile Include="src\impl\gameview\SimpleLayer.cpp">
      <Filter>src\implementation\game view</Filter>
    </ClCompile>
    <ClCompile Include="src\impl\gameview\StaticLayer.cpp">
      <Filter>src\implementation\game view</Filter>
    </ClCompile>
    <ClCompile Include="src\impl\pubhelp\FromImpl.cpp">
      <Filter>src\implementation\public helpers</Filter>
    </ClCompile>
    <ClCompile Include="src\impl\pubhelp\ToImpl.cpp">
      <Filter>src\implementation\public helpers</Filter>
    </ClCompile>
    <ClCompile Include="src\impl\pubhelp\AppImpl.cpp">
      <Filter>src\implementation\public helpers</Filter>
    </ClCompile>
    <ClCompile Include="src\impl\tools\PreciseTimer.cpp">
      <Filter>src\implementation\tools</Filter>
    </ClCompile>
    <ClCompile Include="src\impl\engine\Adjustment.cpp">
      <Filter>src\implementation\engine</Filter>
    </ClCompile>
    <ClCompile Include="src\impl\skin\SimpleRectangleButtonSkin.cpp">
      <Filter>src\implementation\skin</Filter>
    </ClCompile>
    <ClCompile Include="src\impl\skin\SimpleRectangleTextBoxSkin.cpp">
      <Filter>src\implementation\skin</Filter>
    </ClCompile>
    <ClCompile Include="src\impl\skin\RectangleImageButtonSkin.cpp">
      <Filter>src\implementation\skin</Filter>
    </ClCompile>
    <ClCompile Include="src\impl\skin\BaseSimpleButtonSkin.cpp">
      <Filter>src\implementation\skin</Filter>
    </ClCompile>
    <ClCompile Include="src\impl\skin\FullRectangleButtonSkin.cpp">
      <Filter>src\implementation\skin</Filter>
    </ClCompile>
    <ClCompile Include="src\impl\drawobj\FilledTriangleDrawable.cpp">
      <Filter>src\implementation\simple drawable elements</Filter>
    </ClCompile>
    <ClCompile Include="src\impl\skin\SimpleScrollableAreaSkin.cpp">
      <Filter>src\implementation\skin</Filter>
    </ClCompile>
    <ClCompile Include="src\impl\gameview\SortByIDOrder.cpp">
      <Filter>src\implementation\game view</Filter>
    </ClCompile>
    <ClCompile Include="src\impl\graphics\Window.cpp">
      <Filter>src\implementation\graphics</Filter>
    </ClCompile>
    <ClCompile Include="src\impl\app\KeyConverter.cpp">
      <Filter>src\implementation\application</Filter>
    </ClCompile>
    <ClCompile Include="src\tools\Delayed.cpp">
      <Filter>src\implementation\tools</Filter>
    </ClCompile>
    <ClCompile Include="src\impl\tools\Timer.cpp">
      <Filter>src\implementation\tools</Filter>
    </ClCompile>
    <ClCompile Include="src\impl\anim\ChangeFuncPtr.cpp">
      <Filter>src\implementation\animation</Filter>
    </ClCompile>
    <ClCompile Include="src\impl\anim\easing.cpp">
      <Filter>src\implementation\animation</Filter>
    </ClCompile>
    <ClCompile Include="src\impl\gameview\GameBoxes.cpp">
      <Filter>src\implementation\game view</Filter>
    </ClCompile>
    <ClCompile Include="src\impl\serial\constants.cpp">
      <Filter>src\implementation\serialization</Filter>
    </ClCompile>
    <ClCompile Include="src\impl\ui\ToolTip.cpp">
      <Filter>src\implementation\user interface</Filter>
    </ClCompile>
    <ClCompile Include="src\impl\skin\SimpleToolTipSkin.cpp">
      <Filter>src\implementation\skin</Filter>
    </ClCompile>
  </ItemGroup>
</Project>