<?xml version="1.0" encoding="utf-8"?>
<Project ToolsVersion="4.0" xmlns="http://schemas.microsoft.com/developer/msbuild/2003">
  <ItemGroup>
    <Filter Include="include">
      <UniqueIdentifier>{93995380-89BD-4b04-88EB-625FBE52EBFB}</UniqueIdentifier>
      <Extensions>h;hpp;hxx;hm;inl;inc;xsd</Extensions>
    </Filter>
    <Filter Include="src">
      <UniqueIdentifier>{4FC737F1-C7A5-4376-A066-2A32D752A2FF}</UniqueIdentifier>
      <Extensions>cpp;c;cc;cxx;def;odl;idl;hpj;bat;asm;asmx</Extensions>
    </Filter>
    <Filter Include="include\utils">
      <UniqueIdentifier>{b786e3ae-266a-4193-9d16-17dc5a307424}</UniqueIdentifier>
    </Filter>
    <Filter Include="dll_settings">
      <UniqueIdentifier>{2f70788a-fed7-41bd-99a6-9c99ddda03e3}</UniqueIdentifier>
    </Filter>
    <Filter Include="src\utils">
      <UniqueIdentifier>{49220da4-4649-4270-87ec-37fd7e60e9ec}</UniqueIdentifier>
    </Filter>
    <Filter Include="include\math">
      <UniqueIdentifier>{8418080a-f5ef-40ef-b888-1ddd64ffd179}</UniqueIdentifier>
    </Filter>
    <Filter Include="src\math">
      <UniqueIdentifier>{2a2509d6-5c26-4c02-9dcf-4c85e8d64323}</UniqueIdentifier>
    </Filter>
    <Filter Include="include\geom">
      <UniqueIdentifier>{7f3cdb1f-6b77-48ee-b30e-5725b19c57c5}</UniqueIdentifier>
    </Filter>
    <Filter Include="src\geom">
      <UniqueIdentifier>{6b4c83fa-c33b-4ab3-8054-1b09aa662767}</UniqueIdentifier>
    </Filter>
    <Filter Include="include\graphics">
      <UniqueIdentifier>{57a6c43c-7f34-48c2-9782-0495e7d0946f}</UniqueIdentifier>
    </Filter>
    <Filter Include="src\core">
      <UniqueIdentifier>{59c5cf3e-bd8e-4a95-9977-74b7d3bf3465}</UniqueIdentifier>
    </Filter>
    <Filter Include="src\graphics">
      <UniqueIdentifier>{68fa233a-3004-4ca5-95f9-f605c8e5fb3c}</UniqueIdentifier>
    </Filter>
    <Filter Include="include\engine">
      <UniqueIdentifier>{dfcbb4e2-aca5-4033-8ae9-f8330b093acf}</UniqueIdentifier>
    </Filter>
    <Filter Include="src\engine">
      <UniqueIdentifier>{91293456-2c1d-461a-a77a-f6da492a0f55}</UniqueIdentifier>
    </Filter>
    <Filter Include="include\text">
      <UniqueIdentifier>{9b933739-7cee-453d-b3c1-da7e917e0540}</UniqueIdentifier>
    </Filter>
    <Filter Include="src\text">
      <UniqueIdentifier>{0d6d509d-d4a0-4e4c-b763-259b5acbe1fb}</UniqueIdentifier>
    </Filter>
    <Filter Include="include\serial">
      <UniqueIdentifier>{3e5a730d-dc71-4e9e-a993-ed26bf46666a}</UniqueIdentifier>
    </Filter>
  </ItemGroup>
  <ItemGroup>
    <ClInclude Include="targetver.h">
      <Filter>dll_settings</Filter>
    </ClInclude>
    <ClInclude Include="stdafx.h">
      <Filter>dll_settings</Filter>
    </ClInclude>
    <ClInclude Include="include\gamebase\GameBaseAPI.h">
      <Filter>include</Filter>
    </ClInclude>
    <ClInclude Include="include\gamebase\utils\Exception.h">
      <Filter>include\utils</Filter>
    </ClInclude>
    <ClInclude Include="include\gamebase\utils\FileIO.h">
      <Filter>include\utils</Filter>
    </ClInclude>
    <ClInclude Include="include\gamebase\math\Vector2.h">
      <Filter>include\math</Filter>
    </ClInclude>
    <ClInclude Include="include\gamebase\math\Matrix2.h">
      <Filter>include\math</Filter>
    </ClInclude>
    <ClInclude Include="include\gamebase\math\Transform2.h">
      <Filter>include\math</Filter>
    </ClInclude>
    <ClInclude Include="include\gamebase\geom\PolylineMesh.h">
      <Filter>include\geom</Filter>
    </ClInclude>
    <ClInclude Include="include\gamebase\geom\BoundingBox.h">
      <Filter>include\geom</Filter>
    </ClInclude>
    <ClInclude Include="include\gamebase\geom\Segment.h">
      <Filter>include\geom</Filter>
    </ClInclude>
    <ClInclude Include="include\gamebase\graphics\Color.h">
      <Filter>include\graphics</Filter>
    </ClInclude>
    <ClInclude Include="src\core\Config.h">
      <Filter>src\core</Filter>
    </ClInclude>
    <ClInclude Include="include\gamebase\graphics\Init.h">
      <Filter>include\graphics</Filter>
    </ClInclude>
    <ClInclude Include="src\graphics\State.h">
      <Filter>src\graphics</Filter>
    </ClInclude>
    <ClInclude Include="include\gamebase\graphics\Shader.h">
      <Filter>include\graphics</Filter>
    </ClInclude>
    <ClInclude Include="include\gamebase\graphics\GLProgram.h">
      <Filter>include\graphics</Filter>
    </ClInclude>
    <ClInclude Include="include\gamebase\graphics\VertexBuffer.h">
      <Filter>include\graphics</Filter>
    </ClInclude>
    <ClInclude Include="include\gamebase\graphics\IndexBuffer.h">
      <Filter>include\graphics</Filter>
    </ClInclude>
    <ClInclude Include="include\gamebase\graphics\GLAttributes.h">
      <Filter>include\graphics</Filter>
    </ClInclude>
    <ClInclude Include="include\gamebase\graphics\typedefs.h">
      <Filter>include\graphics</Filter>
    </ClInclude>
    <ClInclude Include="include\gamebase\graphics\LineProgram.h">
      <Filter>include\graphics</Filter>
    </ClInclude>
    <ClInclude Include="include\gamebase\graphics\OneColorProgram.h">
      <Filter>include\graphics</Filter>
    </ClInclude>
    <ClInclude Include="include\gamebase\graphics\OneColorProgramBase.h">
      <Filter>include\graphics</Filter>
    </ClInclude>
    <ClInclude Include="include\gamebase\graphics\ProgramBase.h">
      <Filter>include\graphics</Filter>
    </ClInclude>
    <ClInclude Include="include\gamebase\engine\Camera.h">
      <Filter>include\engine</Filter>
    </ClInclude>
    <ClInclude Include="include\gamebase\engine\ProjectionTransform.h">
      <Filter>include\engine</Filter>
    </ClInclude>
    <ClInclude Include="include\gamebase\engine\CameraMover.h">
      <Filter>include\engine</Filter>
    </ClInclude>
    <ClInclude Include="include\gamebase\utils\Size.h">
      <Filter>include\utils</Filter>
    </ClInclude>
    <ClInclude Include="include\gamebase\utils\Counter.h">
      <Filter>include\utils</Filter>
    </ClInclude>
    <ClInclude Include="include\gamebase\geom\Intersection.h">
      <Filter>include\geom</Filter>
    </ClInclude>
    <ClInclude Include="include\gamebase\graphics\GLBuffers.h">
      <Filter>include\graphics</Filter>
    </ClInclude>
    <ClInclude Include="include\gamebase\graphics\Texture.h">
      <Filter>include\graphics</Filter>
    </ClInclude>
    <ClInclude Include="include\gamebase\graphics\Image.h">
      <Filter>include\graphics</Filter>
    </ClInclude>
    <ClInclude Include="include\gamebase\graphics\TextureProgram.h">
      <Filter>include\graphics</Filter>
    </ClInclude>
    <ClInclude Include="include\gamebase\engine\IPositionable.h">
      <Filter>include\engine</Filter>
    </ClInclude>
    <ClInclude Include="include\gamebase\engine\IObject.h">
      <Filter>include\engine</Filter>
    </ClInclude>
    <ClInclude Include="include\gamebase\engine\IMovable.h">
      <Filter>include\engine</Filter>
    </ClInclude>
    <ClInclude Include="include\gamebase\engine\IDrawable.h">
      <Filter>include\engine</Filter>
    </ClInclude>
    <ClInclude Include="include\gamebase\engine\ObjectsCollection.h">
      <Filter>include\engine</Filter>
    </ClInclude>
    <ClInclude Include="include\gamebase\engine\IFindable.h">
      <Filter>include\engine</Filter>
    </ClInclude>
    <ClInclude Include="include\gamebase\engine\RotatingObject.h">
      <Filter>include\engine</Filter>
    </ClInclude>
    <ClInclude Include="include\gamebase\engine\FilledTriangle.h">
      <Filter>include\engine</Filter>
    </ClInclude>
    <ClInclude Include="include\gamebase\engine\TextureRect.h">
      <Filter>include\engine</Filter>
    </ClInclude>
    <ClInclude Include="include\gamebase\engine\FilledRect.h">
      <Filter>include\engine</Filter>
    </ClInclude>
    <ClInclude Include="include\gamebase\engine\ObjectsSelector.h">
      <Filter>include\engine</Filter>
    </ClInclude>
    <ClInclude Include="include\gamebase\engine\Application.h">
      <Filter>include\engine</Filter>
    </ClInclude>
    <ClInclude Include="include\gamebase\utils\FileDesc.h">
      <Filter>include\utils</Filter>
    </ClInclude>
    <ClInclude Include="include\gamebase\math\Math.h">
      <Filter>include\math</Filter>
    </ClInclude>
    <ClInclude Include="include\gamebase\text\IFont.h">
      <Filter>include\text</Filter>
    </ClInclude>
    <ClInclude Include="include\gamebase\text\FontStorage.h">
      <Filter>include\text</Filter>
    </ClInclude>
    <ClInclude Include="include\gamebase\text\AlignedString.h">
      <Filter>include\text</Filter>
    </ClInclude>
    <ClInclude Include="include\gamebase\text\AlignProperties.h">
      <Filter>include\text</Filter>
    </ClInclude>
    <ClInclude Include="include\gamebase\text\Aligner.h">
      <Filter>include\text</Filter>
    </ClInclude>
    <ClInclude Include="include\gamebase\text\TextGeometry.h">
      <Filter>include\text</Filter>
    </ClInclude>
    <ClInclude Include="src\core\GlobalResources.h">
      <Filter>src\core</Filter>
    </ClInclude>
    <ClInclude Include="src\text\ScaledFont.h">
      <Filter>src\text</Filter>
    </ClInclude>
    <ClInclude Include="src\text\Font.h">
      <Filter>src\text</Filter>
    </ClInclude>
    <ClInclude Include="include\gamebase\geom\IGeometry.h">
      <Filter>include\geom</Filter>
    </ClInclude>
    <ClInclude Include="include\gamebase\geom\PointGeometry.h">
      <Filter>include\geom</Filter>
    </ClInclude>
    <ClInclude Include="include\gamebase\geom\RectGeometry.h">
      <Filter>include\geom</Filter>
    </ClInclude>
    <ClInclude Include="include\gamebase\engine\FindableGeometry.h">
      <Filter>include\engine</Filter>
    </ClInclude>
    <ClInclude Include="include\gamebase\engine\ISelectable.h">
      <Filter>include\engine</Filter>
    </ClInclude>
    <ClInclude Include="include\gamebase\engine\Selectable.h">
      <Filter>include\engine</Filter>
    </ClInclude>
    <ClInclude Include="include\gamebase\engine\OffsettedPosition.h">
      <Filter>include\engine</Filter>
    </ClInclude>
    <ClInclude Include="include\gamebase\engine\Skin.h">
      <Filter>include\engine</Filter>
    </ClInclude>
    <ClInclude Include="include\gamebase\engine\StaticLabel.h">
      <Filter>include\engine</Filter>
    </ClInclude>
    <ClInclude Include="include\gamebase\engine\Button.h">
      <Filter>include\engine</Filter>
    </ClInclude>
    <ClInclude Include="include\gamebase\engine\PositionedStaticLabel.h">
      <Filter>include\engine</Filter>
    </ClInclude>
    <ClInclude Include="include\gamebase\engine\TextEditSkin.h">
      <Filter>include\engine</Filter>
    </ClInclude>
    <ClInclude Include="include\gamebase\engine\DrawablePolyline.h">
      <Filter>include\engine</Filter>
    </ClInclude>
    <ClInclude Include="include\gamebase\engine\TextEditCursor.h">
      <Filter>include\engine</Filter>
    </ClInclude>
    <ClInclude Include="include\gamebase\engine\EditableLabel.h">
      <Filter>include\engine</Filter>
    </ClInclude>
    <ClInclude Include="include\gamebase\engine\SpecificInputRegister.h">
      <Filter>include\engine</Filter>
    </ClInclude>
    <ClInclude Include="include\gamebase\engine\InputRegister.h">
      <Filter>include\engine</Filter>
    </ClInclude>
    <ClInclude Include="include\gamebase\engine\SpecialKey.h">
      <Filter>include\engine</Filter>
    </ClInclude>
    <ClInclude Include="include\gamebase\engine\MouseButton.h">
      <Filter>include\engine</Filter>
    </ClInclude>
    <ClInclude Include="include\gamebase\engine\IInputProcessor.h">
      <Filter>include\engine</Filter>
    </ClInclude>
    <ClInclude Include="include\gamebase\engine\ITextFilter.h">
      <Filter>include\engine</Filter>
    </ClInclude>
    <ClInclude Include="include\gamebase\engine\AutoLengthTextFilter.h">
      <Filter>include\engine</Filter>
    </ClInclude>
    <ClInclude Include="include\gamebase\engine\TextEdit.h">
      <Filter>include\engine</Filter>
    </ClInclude>
    <ClInclude Include="src\engine\SpecialKeyConverter.h">
      <Filter>src\engine</Filter>
    </ClInclude>
    <ClInclude Include="include\gamebase\graphics\Clipping.h">
      <Filter>include\graphics</Filter>
    </ClInclude>
    <ClInclude Include="include\gamebase\engine\ButtonSkin.h">
      <Filter>include\engine</Filter>
    </ClInclude>
    <ClInclude Include="include\gamebase\engine\IRelativeOffset.h">
      <Filter>include\engine</Filter>
    </ClInclude>
    <ClInclude Include="include\gamebase\engine\AlignEnums.h">
      <Filter>include\engine</Filter>
    </ClInclude>
    <ClInclude Include="include\gamebase\engine\AligningOffset.h">
      <Filter>include\engine</Filter>
    </ClInclude>
    <ClInclude Include="include\gamebase\engine\FixedOffset.h">
      <Filter>include\engine</Filter>
    </ClInclude>
    <ClInclude Include="include\gamebase\engine\IRelativeBox.h">
      <Filter>include\engine</Filter>
    </ClInclude>
    <ClInclude Include="include\gamebase\engine\FixedBox.h">
      <Filter>include\engine</Filter>
    </ClInclude>
    <ClInclude Include="include\gamebase\geom\IRelativeGeometry.h">
      <Filter>include\geom</Filter>
    </ClInclude>
    <ClInclude Include="include\gamebase\geom\IdenticGeometry.h">
      <Filter>include\geom</Filter>
    </ClInclude>
    <ClInclude Include="include\gamebase\engine\RelativeValue.h">
      <Filter>include\engine</Filter>
    </ClInclude>
    <ClInclude Include="include\gamebase\engine\RelativeBox.h">
      <Filter>include\engine</Filter>
    </ClInclude>
    <ClInclude Include="include\gamebase\engine\Direction.h">
      <Filter>include\engine</Filter>
    </ClInclude>
    <ClInclude Include="include\gamebase\engine\IValue.h">
      <Filter>include\engine</Filter>
    </ClInclude>
    <ClInclude Include="include\gamebase\engine\FloatValue.h">
      <Filter>include\engine</Filter>
    </ClInclude>
    <ClInclude Include="include\gamebase\engine\SquareBox.h">
      <Filter>include\engine</Filter>
    </ClInclude>
    <ClInclude Include="include\gamebase\engine\ScrollDragBarSkin.h">
      <Filter>include\engine</Filter>
    </ClInclude>
    <ClInclude Include="include\gamebase\engine\ScrollBarSkin.h">
      <Filter>include\engine</Filter>
    </ClInclude>
    <ClInclude Include="include\gamebase\engine\ButtonListSkin.h">
      <Filter>include\engine</Filter>
    </ClInclude>
    <ClInclude Include="include\gamebase\engine\ScrollDragBar.h">
      <Filter>include\engine</Filter>
    </ClInclude>
    <ClInclude Include="include\gamebase\engine\ScrollBar.h">
      <Filter>include\engine</Filter>
    </ClInclude>
    <ClInclude Include="include\gamebase\engine\ButtonList.h">
      <Filter>include\engine</Filter>
    </ClInclude>
    <ClInclude Include="include\gamebase\engine\CheckBoxSkin.h">
      <Filter>include\engine</Filter>
    </ClInclude>
    <ClInclude Include="include\gamebase\engine\CheckBox.h">
      <Filter>include\engine</Filter>
    </ClInclude>
    <ClInclude Include="include\gamebase\engine\RadioButton.h">
      <Filter>include\engine</Filter>
    </ClInclude>
    <ClInclude Include="include\gamebase\engine\RadioButtonGroup.h">
      <Filter>include\engine</Filter>
    </ClInclude>
    <ClInclude Include="include\gamebase\engine\PressableButton.h">
      <Filter>include\engine</Filter>
    </ClInclude>
    <ClInclude Include="include\gamebase\engine\TextListSkin.h">
      <Filter>include\engine</Filter>
    </ClInclude>
    <ClInclude Include="include\gamebase\engine\TextList.h">
      <Filter>include\engine</Filter>
    </ClInclude>
    <ClInclude Include="include\gamebase\engine\Drawable.h">
      <Filter>include\engine</Filter>
    </ClInclude>
    <ClInclude Include="include\gamebase\engine\PanelSkin.h">
      <Filter>include\engine</Filter>
    </ClInclude>
    <ClInclude Include="include\gamebase\engine\Panel.h">
      <Filter>include\engine</Filter>
    </ClInclude>
    <ClInclude Include="include\gamebase\engine\ViewController.h">
      <Filter>include\engine</Filter>
    </ClInclude>
    <ClInclude Include="include\gamebase\engine\IRegistrable.h">
      <Filter>include\engine</Filter>
    </ClInclude>
    <ClInclude Include="include\gamebase\engine\Registrable.h">
      <Filter>include\engine</Filter>
    </ClInclude>
    <ClInclude Include="include\gamebase\engine\PropertiesRegister.h">
      <Filter>include\engine</Filter>
    </ClInclude>
    <ClInclude Include="include\gamebase\engine\PropertiesRegisterBuilder.h">
      <Filter>include\engine</Filter>
    </ClInclude>
    <ClInclude Include="include\gamebase\engine\Value.h">
      <Filter>include\engine</Filter>
    </ClInclude>
    <ClInclude Include="include\gamebase\engine\ValueLink.h">
      <Filter>include\engine</Filter>
    </ClInclude>
    <ClInclude Include="include\gamebase\engine\ValueNotifyingLink.h">
      <Filter>include\engine</Filter>
    </ClInclude>
    <ClInclude Include="include\gamebase\engine\ValueWeakLink.h">
      <Filter>include\engine</Filter>
    </ClInclude>
    <ClInclude Include="include\gamebase\engine\ValueLinkWithSetter.h">
      <Filter>include\engine</Filter>
    </ClInclude>
    <ClInclude Include="include\gamebase\engine\IAnimation.h">
      <Filter>include\engine</Filter>
    </ClInclude>
    <ClInclude Include="include\gamebase\engine\InstantChange.h">
      <Filter>include\engine</Filter>
    </ClInclude>
    <ClInclude Include="include\gamebase\engine\CompositeAnimation.h">
      <Filter>include\engine</Filter>
    </ClInclude>
    <ClInclude Include="include\gamebase\engine\ParallelAnimation.h">
      <Filter>include\engine</Filter>
    </ClInclude>
    <ClInclude Include="include\gamebase\engine\TimeState.h">
      <Filter>include\engine</Filter>
    </ClInclude>
    <ClInclude Include="include\gamebase\utils\PreciseTimer.h">
      <Filter>include\utils</Filter>
    </ClInclude>
    <ClInclude Include="include\gamebase\engine\AnimationPause.h">
      <Filter>include\engine</Filter>
    </ClInclude>
    <ClInclude Include="include\gamebase\engine\Timer.h">
      <Filter>include\engine</Filter>
    </ClInclude>
    <ClInclude Include="include\gamebase\engine\SmoothChange.h">
      <Filter>include\engine</Filter>
    </ClInclude>
    <ClInclude Include="include\gamebase\engine\AnimationManager.h">
      <Filter>include\engine</Filter>
    </ClInclude>
    <ClInclude Include="include\gamebase\engine\RepeatingAnimation.h">
      <Filter>include\engine</Filter>
    </ClInclude>
    <ClInclude Include="include\gamebase\serial\ISerializable.h">
      <Filter>include\serial</Filter>
    </ClInclude>
    <ClInclude Include="include\gamebase\serial\ISerializer.h">
      <Filter>include\serial</Filter>
    </ClInclude>
    <ClInclude Include="include\gamebase\serial\SerializableRegister.h">
      <Filter>include\serial</Filter>
    </ClInclude>
    <ClInclude Include="include\gamebase\serial\IDeserializer.h">
      <Filter>include\serial</Filter>
    </ClInclude>
    <ClInclude Include="include\gamebase\serial\constants.h">
      <Filter>include\serial</Filter>
    </ClInclude>
  </ItemGroup>
  <ItemGroup>
    <ClCompile Include="stdafx.cpp">
      <Filter>dll_settings</Filter>
    </ClCompile>
    <ClCompile Include="dllmain.cpp">
      <Filter>dll_settings</Filter>
    </ClCompile>
    <ClCompile Include="gamebase.cpp">
      <Filter>dll_settings</Filter>
    </ClCompile>
    <ClCompile Include="src\utils\FileIO.cpp">
      <Filter>src\utils</Filter>
    </ClCompile>
    <ClCompile Include="src\geom\PolylineMesh.cpp">
      <Filter>src\geom</Filter>
    </ClCompile>
    <ClCompile Include="src\geom\Segment.cpp">
      <Filter>src\geom</Filter>
    </ClCompile>
    <ClCompile Include="src\core\Config.cpp">
      <Filter>src\core</Filter>
    </ClCompile>
    <ClCompile Include="src\graphics\Init.cpp">
      <Filter>src\graphics</Filter>
    </ClCompile>
    <ClCompile Include="src\graphics\State.cpp">
      <Filter>src\graphics</Filter>
    </ClCompile>
    <ClCompile Include="src\graphics\GLAttributes.cpp">
      <Filter>src\graphics</Filter>
    </ClCompile>
    <ClCompile Include="src\graphics\VertexBuffer.cpp">
      <Filter>src\graphics</Filter>
    </ClCompile>
    <ClCompile Include="src\graphics\IndexBuffer.cpp">
      <Filter>src\graphics</Filter>
    </ClCompile>
    <ClCompile Include="src\graphics\GLProgram.cpp">
      <Filter>src\graphics</Filter>
    </ClCompile>
    <ClCompile Include="src\graphics\OneColorProgram.cpp">
      <Filter>src\graphics</Filter>
    </ClCompile>
    <ClCompile Include="src\graphics\OneColorProgramBase.cpp">
      <Filter>src\graphics</Filter>
    </ClCompile>
    <ClCompile Include="src\graphics\ProgramBase.cpp">
      <Filter>src\graphics</Filter>
    </ClCompile>
    <ClCompile Include="src\graphics\LineProgram.cpp">
      <Filter>src\graphics</Filter>
    </ClCompile>
    <ClCompile Include="src\graphics\Shader.cpp">
      <Filter>src\graphics</Filter>
    </ClCompile>
    <ClCompile Include="src\engine\ProjectionTransform.cpp">
      <Filter>src\engine</Filter>
    </ClCompile>
    <ClCompile Include="src\engine\CameraMover.cpp">
      <Filter>src\engine</Filter>
    </ClCompile>
    <ClCompile Include="src\utils\Counter.cpp">
      <Filter>src\utils</Filter>
    </ClCompile>
    <ClCompile Include="src\graphics\GLBuffers.cpp">
      <Filter>src\graphics</Filter>
    </ClCompile>
    <ClCompile Include="src\geom\Intersection.cpp">
      <Filter>src\geom</Filter>
    </ClCompile>
    <ClCompile Include="src\graphics\Image.cpp">
      <Filter>src\graphics</Filter>
    </ClCompile>
    <ClCompile Include="src\graphics\Texture.cpp">
      <Filter>src\graphics</Filter>
    </ClCompile>
    <ClCompile Include="src\graphics\TextureProgram.cpp">
      <Filter>src\graphics</Filter>
    </ClCompile>
    <ClCompile Include="src\engine\FilledTriangle.cpp">
      <Filter>src\engine</Filter>
    </ClCompile>
    <ClCompile Include="src\engine\RotatingObject.cpp">
      <Filter>src\engine</Filter>
    </ClCompile>
    <ClCompile Include="src\engine\ObjectsCollection.cpp">
      <Filter>src\engine</Filter>
    </ClCompile>
    <ClCompile Include="src\engine\ObjectsSelector.cpp">
      <Filter>src\engine</Filter>
    </ClCompile>
    <ClCompile Include="src\engine\Application.cpp">
      <Filter>src\engine</Filter>
    </ClCompile>
    <ClCompile Include="src\core\GlobalResources.cpp">
      <Filter>src\core</Filter>
    </ClCompile>
    <ClCompile Include="src\text\FontStorage.cpp">
      <Filter>src\text</Filter>
    </ClCompile>
    <ClCompile Include="src\text\Font.cpp">
      <Filter>src\text</Filter>
    </ClCompile>
    <ClCompile Include="src\text\Aligner.cpp">
      <Filter>src\text</Filter>
    </ClCompile>
    <ClCompile Include="src\text\TextGeometry.cpp">
      <Filter>src\text</Filter>
    </ClCompile>
    <ClCompile Include="src\engine\TextureRect.cpp">
      <Filter>src\engine</Filter>
    </ClCompile>
    <ClCompile Include="src\geom\PointGeometry.cpp">
      <Filter>src\geom</Filter>
    </ClCompile>
    <ClCompile Include="src\geom\RectGeometry.cpp">
      <Filter>src\geom</Filter>
    </ClCompile>
    <ClCompile Include="src\engine\FindableGeometry.cpp">
      <Filter>src\engine</Filter>
    </ClCompile>
    <ClCompile Include="src\engine\StaticLabel.cpp">
      <Filter>src\engine</Filter>
    </ClCompile>
    <ClCompile Include="src\engine\Button.cpp">
      <Filter>src\engine</Filter>
    </ClCompile>
    <ClCompile Include="src\engine\SpecialKeyConverter.cpp">
      <Filter>src\engine</Filter>
    </ClCompile>
    <ClCompile Include="src\engine\DrawablePolyline.cpp">
      <Filter>src\engine</Filter>
    </ClCompile>
    <ClCompile Include="src\engine\EditableLabel.cpp">
      <Filter>src\engine</Filter>
    </ClCompile>
    <ClCompile Include="src\engine\TextEdit.cpp">
      <Filter>src\engine</Filter>
    </ClCompile>
    <ClCompile Include="src\graphics\Clipping.cpp">
      <Filter>src\graphics</Filter>
    </ClCompile>
    <ClCompile Include="src\engine\ButtonList.cpp">
      <Filter>src\engine</Filter>
    </ClCompile>
    <ClCompile Include="src\engine\ScrollBar.cpp">
      <Filter>src\engine</Filter>
    </ClCompile>
    <ClCompile Include="src\engine\ScrollDragBar.cpp">
      <Filter>src\engine</Filter>
    </ClCompile>
    <ClCompile Include="src\engine\CheckBox.cpp">
      <Filter>src\engine</Filter>
    </ClCompile>
    <ClCompile Include="src\engine\RadioButton.cpp">
      <Filter>src\engine</Filter>
    </ClCompile>
    <ClCompile Include="src\engine\RadioButtonGroup.cpp">
      <Filter>src\engine</Filter>
    </ClCompile>
    <ClCompile Include="src\engine\PressableButton.cpp">
      <Filter>src\engine</Filter>
    </ClCompile>
    <ClCompile Include="src\engine\TextList.cpp">
      <Filter>src\engine</Filter>
    </ClCompile>
    <ClCompile Include="src\engine\Panel.cpp">
      <Filter>src\engine</Filter>
    </ClCompile>
    <ClCompile Include="src\engine\ViewController.cpp">
      <Filter>src\engine</Filter>
    </ClCompile>
    <ClCompile Include="src\engine\PropertiesRegister.cpp">
      <Filter>src\engine</Filter>
    </ClCompile>
    <ClCompile Include="src\engine\PropertiesRegisterBuilder.cpp">
      <Filter>src\engine</Filter>
    </ClCompile>
    <ClCompile Include="src\engine\Selectable.cpp">
      <Filter>src\engine</Filter>
    </ClCompile>
    <ClCompile Include="src\utils\PreciseTimer.cpp">
      <Filter>src\utils</Filter>
    </ClCompile>
    <ClCompile Include="src\engine\AnimationManager.cpp">
      <Filter>src\engine</Filter>
    </ClCompile>
    <ClCompile Include="src\engine\FilledRect.cpp">
      <Filter>src\engine</Filter>
    </ClCompile>
  </ItemGroup>
</Project>